// !$*UTF8*$!
{
	archiveVersion = 1;
	classes = {
	};
	objectVersion = 56;
	objects = {

/* Begin PBXBuildFile section */
		0056E7AFE18B4995869092AB /* StorageAnalyzerEngine.swift in Sources */ = {isa = PBXBuildFile; fileRef = 8696DE7131D34C0BAB016416 /* StorageAnalyzerEngine.swift */; };
		01088225B45FC1AD5A3B122D /* SettingsUserDefaultsKeys.swift in Sources */ = {isa = PBXBuildFile; fileRef = 0375E31551A39394DACA077C /* SettingsUserDefaultsKeys.swift */; };
		04290E0E685F8FB6EB5491E2 /* URLValidation.swift in Sources */ = {isa = PBXBuildFile; fileRef = 9369570556C1EF2AB9C150DB /* URLValidation.swift */; };
		0533A2FEA61D47DBBB812F52 /* StorageSummaryViewController.swift in Sources */ = {isa = PBXBuildFile; fileRef = 5D1E7DCD9FE14FF7B5FDA8E9 /* StorageSummaryViewController.swift */; };
		05DB5601FE8A4A869A4E2DAE /* QuickActionsWidgetView.swift in Sources */ = {isa = PBXBuildFile; fileRef = 3CC9FC164EB649DC8E794014 /* QuickActionsWidgetView.swift */; };
		0DDF66BAFC0DE43688298BF8 /* SidebarSupport.swift in Sources */ = {isa = PBXBuildFile; fileRef = 8690B54BDD6E20E612FF536C /* SidebarSupport.swift */; };
		119BB274982CF04409B900CB /* AdvancedSettingsViewController.swift in Sources */ = {isa = PBXBuildFile; fileRef = 7C10E33E57143492B991CF25 /* AdvancedSettingsViewController.swift */; };
		125A6BB5684CD548ECBE83C5 /* FileBrowserQuickLookCoordinator.swift in Sources */ = {isa = PBXBuildFile; fileRef = 4A238D08CA21829F4316AD59 /* FileBrowserQuickLookCoordinator.swift */; };
		17E66C936B874320BEA2DBA4 /* StorageAnalyzerWindowController.swift in Sources */ = {isa = PBXBuildFile; fileRef = D3664633C5874840B264CBF1 /* StorageAnalyzerWindowController.swift */; };
		18D3389E48E88CAA67D21780 /* FileSystemHelpers.swift in Sources */ = {isa = PBXBuildFile; fileRef = 49269EEC959CEBC6D857DB66 /* FileSystemHelpers.swift */; };
		1A32872CC5AFF8F96B3E40AC /* SettingsStoreGroups.swift in Sources */ = {isa = PBXBuildFile; fileRef = C037F8CDCD304468C6C897E3 /* SettingsStoreGroups.swift */; };
		1BBE8DF6482AE3D591360D4E /* TabsSettingsViewController.swift in Sources */ = {isa = PBXBuildFile; fileRef = 3DF128936A56C674C582D9CD /* TabsSettingsViewController.swift */; };
		1C753643235B7A45A0707439 /* PreviewHandlers.swift in Sources */ = {isa = PBXBuildFile; fileRef = 5906E3EA4D59597ACA735CCB /* PreviewHandlers.swift */; };
		226AF5AF76301E12125506A9 /* SidebarSettingsViewController.swift in Sources */ = {isa = PBXBuildFile; fileRef = 7A8FC82D42CB696945230302 /* SidebarSettingsViewController.swift */; };
		2295DF4DBB54CE0FD5104EB7 /* FileBrowserSupportTypes.swift in Sources */ = {isa = PBXBuildFile; fileRef = 64389EBA797C775B59AFC1BB /* FileBrowserSupportTypes.swift */; };
		23F991C675C406AB4E378D5A /* PermissionsSettingsViewController.swift in Sources */ = {isa = PBXBuildFile; fileRef = 92FD942D5BA469E7FE8943C0 /* PermissionsSettingsViewController.swift */; };
		257C09727262ADA68B9E4CF6 /* FileBrowserContextMenuProvider.swift in Sources */ = {isa = PBXBuildFile; fileRef = A0A3B5F73CDC52C8FE3F338F /* FileBrowserContextMenuProvider.swift */; };
		261194ABC26C4934B258E765 /* WelcomeWidgetView.swift in Sources */ = {isa = PBXBuildFile; fileRef = 9CA5260DDE46454E997823C4 /* WelcomeWidgetView.swift */; };
		2EFFBF46D1B22A7C2EBD14CD /* ToolbarSettingsViewController.swift in Sources */ = {isa = PBXBuildFile; fileRef = E2E0F3CDA206AA06DDA73C6D /* ToolbarSettingsViewController.swift */; };
		3661ED6F8CD6F220263FA52A /* TerminalSettingsViewController.swift in Sources */ = {isa = PBXBuildFile; fileRef = AF7A16206E1A5FEA62C81C3F /* TerminalSettingsViewController.swift */; };
		37B7CDFD76504BA1873EF4EF /* StorageListViewController.swift in Sources */ = {isa = PBXBuildFile; fileRef = 1972F8A5DEE3441298641AFC /* StorageListViewController.swift */; };
		38F6969BCD01FB2A180C3952 /* FileBrowserViewController+SelectionCoordinator.swift in Sources */ = {isa = PBXBuildFile; fileRef = 8A5505188B08D8F3F27C23A0 /* FileBrowserViewController+SelectionCoordinator.swift */; };
		3C3D24F078A24A388C57F8B2 /* StartWidgetView.swift in Sources */ = {isa = PBXBuildFile; fileRef = C2CA98F441BC469AA6AC8B30 /* StartWidgetView.swift */; };
		48AEEAF8A9128BB5AA25BBD4 /* FileBrowserFilterCoordinator.swift in Sources */ = {isa = PBXBuildFile; fileRef = DF96240872576DF225D9F467 /* FileBrowserFilterCoordinator.swift */; };
		506B430CAE9F7E198C97F816 /* FileBrowserPreviewPaneCoordinator.swift in Sources */ = {isa = PBXBuildFile; fileRef = 6110C5F50B85CF313E260BD2 /* FileBrowserPreviewPaneCoordinator.swift */; };
		5742F43F233C91EF8BBC5D5F /* FileBrowserKeyboardHandler.swift in Sources */ = {isa = PBXBuildFile; fileRef = FEEEE432A44A5514DCDF043F /* FileBrowserKeyboardHandler.swift */; };
		5A34E4B60187489F559D3692 /* FileBrowserDragDropCoordinator.swift in Sources */ = {isa = PBXBuildFile; fileRef = BA73C3EC828F89EAB183DB90 /* FileBrowserDragDropCoordinator.swift */; };
		5F8CFC2586FDF48B57D61FAA /* FileBrowserCollectionCoordinator.swift in Sources */ = {isa = PBXBuildFile; fileRef = F10C67119FFA854FFDD15227 /* FileBrowserCollectionCoordinator.swift */; };
		6031BD53EF224E56A641B0B0 /* FileBrowserActionHelper.swift in Sources */ = {isa = PBXBuildFile; fileRef = 9128C20CD205ABF8E7FD423E /* FileBrowserActionHelper.swift */; };
		6072924843837DC1AFFF8C8D /* BrowserFactory.swift in Sources */ = {isa = PBXBuildFile; fileRef = DF74C4AB5380E3F0C2B1D449 /* BrowserFactory.swift */; };
		617E78C00A3B9EE92A79BE33 /* PermissionsManager.swift in Sources */ = {isa = PBXBuildFile; fileRef = D25571C2C8395C0D079C08C7 /* PermissionsManager.swift */; };
		61B6DC462D0767EA0F95884A /* FileBrowserGestureHandler.swift in Sources */ = {isa = PBXBuildFile; fileRef = CD6B737170425A3A6175D91A /* FileBrowserGestureHandler.swift */; };
		62154B09D3568FBC12411DB5 /* BannerNotificationManager.swift in Sources */ = {isa = PBXBuildFile; fileRef = 1398E63F539453FA294B5877 /* BannerNotificationManager.swift */; };
		633148A0C6271F6FEE429180 /* PendingSettings.swift in Sources */ = {isa = PBXBuildFile; fileRef = F9410711140846533B4EE97F /* PendingSettings.swift */; };
		63C060A9F39281809118AA22 /* FileBrowserViewController+CoordinatorDelegates.swift in Sources */ = {isa = PBXBuildFile; fileRef = 76D8EBAF5FC387ECDD0511DA /* FileBrowserViewController+CoordinatorDelegates.swift */; };
		65A6AAB6FF6B4C705C9D5134 /* FileBrowserInteractionCoordinator.swift in Sources */ = {isa = PBXBuildFile; fileRef = F1BABEAB45538AC5CA749C92 /* FileBrowserInteractionCoordinator.swift */; };
		65F6DB9049F678A8BF00BA24 /* LocationsViewController.swift in Sources */ = {isa = PBXBuildFile; fileRef = 422FE47EB2DDBD42298F2F21 /* LocationsViewController.swift */; };
		6992E55E368F7549A680630D /* FileBrowserViewController+FileOperations.swift in Sources */ = {isa = PBXBuildFile; fileRef = 0178878CFF509ED4D5E67486 /* FileBrowserViewController+FileOperations.swift */; };
		6A472FB704FA4AC7BD1C3BA4 /* StorageScopeSelectionViewController.swift in Sources */ = {isa = PBXBuildFile; fileRef = A06050E7A60B4D73BE112E7F /* StorageScopeSelectionViewController.swift */; };
		6D7342074ECD4C96B27AE074 /* FavoritesWidgetView.swift in Sources */ = {isa = PBXBuildFile; fileRef = 1FBDDCAF9FC944D889F88AB7 /* FavoritesWidgetView.swift */; };
		6D8D80F0C9991F4A409135FB /* AppConfig.swift in Sources */ = {isa = PBXBuildFile; fileRef = CD773D7538AD3464BF8857A1 /* AppConfig.swift */; };
		6DC2FE305F52F910D0039BF1 /* GoMenuSettingsViewController.swift in Sources */ = {isa = PBXBuildFile; fileRef = D7D3C8D1A946CD6030946240 /* GoMenuSettingsViewController.swift */; };
		705A63EB2E077C705A6F2ABB /* FileBrowserDragDropHandler.swift in Sources */ = {isa = PBXBuildFile; fileRef = 4ECCD8AED13C7753EF4D2613 /* FileBrowserDragDropHandler.swift */; };
		731ADAEB562AE887A6B1E8B0 /* NSColor+CustomAccentColor.swift in Sources */ = {isa = PBXBuildFile; fileRef = 4B1FADE6425CA28DEED521D3 /* NSColor+CustomAccentColor.swift */; };
		745071C3419A40EA9CE70FBA /* StorageProgressViewController.swift in Sources */ = {isa = PBXBuildFile; fileRef = 2EE3071256D14F848904E873 /* StorageProgressViewController.swift */; };
		756E816CA38B2EE3F1B13E6E /* FileBrowserActionHandler.swift in Sources */ = {isa = PBXBuildFile; fileRef = 0C08084D0711B04C4A193557 /* FileBrowserActionHandler.swift */; };
		75E502CAE4064D98B4DC278B /* StartViewController.swift in Sources */ = {isa = PBXBuildFile; fileRef = C8597653ABC94615B0186203 /* StartViewController.swift */; };
		774DEAE20156EAD3D3E020FD /* AccentColorControls.swift in Sources */ = {isa = PBXBuildFile; fileRef = 08B971B3759F927A8101D61E /* AccentColorControls.swift */; };
		77F59CBBE25241F78535867F /* GettingStartedWidgetView.swift in Sources */ = {isa = PBXBuildFile; fileRef = B1FFE03C491D474790704210 /* GettingStartedWidgetView.swift */; };
		7A393BC73F3EBD789CD10400 /* FileBrowserStatusBarCoordinator.swift in Sources */ = {isa = PBXBuildFile; fileRef = 7FC10CFA25736C1BBB853673 /* FileBrowserStatusBarCoordinator.swift */; };
		7D7D4080C2F309C66C6A8C8F /* FolderOutlineViewController.swift in Sources */ = {isa = PBXBuildFile; fileRef = F4A1271B67D753466BF6A75A /* FolderOutlineViewController.swift */; };
		7EE451F51B6448D0A546B2CD /* GeneralSettingsViewController.swift in Sources */ = {isa = PBXBuildFile; fileRef = 313C281B1524A427D6E39CD0 /* GeneralSettingsViewController.swift */; };
		7EEDC1A3B4C54D2F9A123456 /* FreeFormCollectionViewLayout.swift in Sources */ = {isa = PBXBuildFile; fileRef = 7EEDC1A3B4C54D2F9A123457 /* FreeFormCollectionViewLayout.swift */; };
		826BA14665778A8DA689673D /* KeychainStore.swift in Sources */ = {isa = PBXBuildFile; fileRef = 37016D72CD8E53ED39337E9B /* KeychainStore.swift */; };
		8A1B2C3D4E5F678901234567 /* TabButtonContainerView.swift in Sources */ = {isa = PBXBuildFile; fileRef = 8A1B2C3D4E5F678901234568 /* TabButtonContainerView.swift */; };
		8F9A1D2E5C7B4E92A3F46B81 /* StorageAnalyzerTabViewController.swift in Sources */ = {isa = PBXBuildFile; fileRef = B2C5E8F93A4D4761B9E72C40 /* StorageAnalyzerTabViewController.swift */; };
		91130CC2E27F90734BB97986 /* FileBrowserSelectionCoordinator.swift in Sources */ = {isa = PBXBuildFile; fileRef = FF2910B7DB83FCFDA7B22D6B /* FileBrowserSelectionCoordinator.swift */; };
		921129CF103EA5C95631022D /* Logging.swift in Sources */ = {isa = PBXBuildFile; fileRef = 533E45BA233E6BBAE045936E /* Logging.swift */; };
		922DA356552FC1D24A4C899D /* Help in Resources */ = {isa = PBXBuildFile; fileRef = 16F13AFA7D36527FAC1CEC06 /* Help */; };
		9589032C83B8164C735A5B36 /* FileBrowserStatusBarManager.swift in Sources */ = {isa = PBXBuildFile; fileRef = 579C32F7352220211901196E /* FileBrowserStatusBarManager.swift */; };
		9F1A2B3C4D5E6F708192A1B2 /* WindowTrafficLightManager.swift in Sources */ = {isa = PBXBuildFile; fileRef = 9F1A2B3C4D5E6F708192A1B3 /* WindowTrafficLightManager.swift */; };
		9FFFEEEEDDCCBBAA99887766 /* FileBrowserSelectionManager.swift in Sources */ = {isa = PBXBuildFile; fileRef = DB1234567890ABCDEFFEDCBA /* FileBrowserSelectionManager.swift */; };
		9FFFEEEEDDCCBBAA99887767 /* SettingsStore.swift in Sources */ = {isa = PBXBuildFile; fileRef = DC1234567890ABCDEFFEDCBA /* SettingsStore.swift */; };
		A367F4A23EE1A99C761EDE8E /* ContextMenuSettingsViewController.swift in Sources */ = {isa = PBXBuildFile; fileRef = A2944A48EC7991DC9E8BE7B3 /* ContextMenuSettingsViewController.swift */; };
		A94AB1E3927F36179A647387 /* FileBrowserColumnCoordinator.swift in Sources */ = {isa = PBXBuildFile; fileRef = 197409667C10BD1AE914F819 /* FileBrowserColumnCoordinator.swift */; };
		AA0000010000000000000001 /* AppDelegate.swift in Sources */ = {isa = PBXBuildFile; fileRef = AA0000020000000000000001 /* AppDelegate.swift */; };
		AA0000030000000000000001 /* MainWindowController.swift in Sources */ = {isa = PBXBuildFile; fileRef = AA0000040000000000000001 /* MainWindowController.swift */; };
		AA0000050000000000000001 /* SplitViewController.swift in Sources */ = {isa = PBXBuildFile; fileRef = AA0000060000000000000001 /* SplitViewController.swift */; };
		AA0000070000000000000001 /* FileBrowserViewController.swift in Sources */ = {isa = PBXBuildFile; fileRef = AA0000080000000000000001 /* FileBrowserViewController.swift */; };
		AA0000090000000000000001 /* TerminalViewController.swift in Sources */ = {isa = PBXBuildFile; fileRef = AA0000100000000000000001 /* TerminalViewController.swift */; };
		AA0000110000000000000001 /* TabBarController.swift in Sources */ = {isa = PBXBuildFile; fileRef = AA0000120000000000000001 /* TabBarController.swift */; };
		AA0000130000000000000001 /* FileItem.swift in Sources */ = {isa = PBXBuildFile; fileRef = AA0000140000000000000001 /* FileItem.swift */; };
		AA0000150000000000000001 /* ColorManager.swift in Sources */ = {isa = PBXBuildFile; fileRef = AA0000160000000000000001 /* ColorManager.swift */; };
		AA0000170000000000000001 /* FileSystemMonitor.swift in Sources */ = {isa = PBXBuildFile; fileRef = AA0000180000000000000001 /* FileSystemMonitor.swift */; };
		AA0000190000000000000001 /* Assets.xcassets in Resources */ = {isa = PBXBuildFile; fileRef = AA0000200000000000000001 /* Assets.xcassets */; };
		AA0000210000000000000001 /* MainMenu.xib in Resources */ = {isa = PBXBuildFile; fileRef = AA0000220000000000000001 /* MainMenu.xib */; };
		AA0000300000000000000001 /* SidebarViewController.swift in Sources */ = {isa = PBXBuildFile; fileRef = AA0000310000000000000001 /* SidebarViewController.swift */; };
		AA0000330000000000000001 /* ToolbarViewController.swift in Sources */ = {isa = PBXBuildFile; fileRef = AA0000320000000000000001 /* ToolbarViewController.swift */; };
		AA0000340000000000000001 /* SplitPaneViewController.swift in Sources */ = {isa = PBXBuildFile; fileRef = AA0000350000000000000001 /* SplitPaneViewController.swift */; };
		AA0000370000000000000001 /* SettingsViewController.swift in Sources */ = {isa = PBXBuildFile; fileRef = AA0000360000000000000001 /* SettingsViewController.swift */; };
		AA0000380000000000000001 /* SettingsSidebarViewController.swift in Sources */ = {isa = PBXBuildFile; fileRef = AA0000390000000000000001 /* SettingsSidebarViewController.swift */; };
		AA0000400000000000000001 /* SettingsWindowController.swift in Sources */ = {isa = PBXBuildFile; fileRef = AA0000410000000000000001 /* SettingsWindowController.swift */; };
		AA0000420000000000000001 /* FileIconItem.swift in Sources */ = {isa = PBXBuildFile; fileRef = AA0000430000000000000001 /* FileIconItem.swift */; };
		AA0000440000000000000001 /* SettingsSidebarCellView.swift in Sources */ = {isa = PBXBuildFile; fileRef = AA0000450000000000000001 /* SettingsSidebarCellView.swift */; };
		AA0000460000000000000001 /* StatusBarViewController.swift in Sources */ = {isa = PBXBuildFile; fileRef = AA0000470000000000000001 /* StatusBarViewController.swift */; };
		AA0000500000000000000001 /* SettingsSplitPaneViewController.swift in Sources */ = {isa = PBXBuildFile; fileRef = AA0000510000000000000001 /* SettingsSplitPaneViewController.swift */; };
		AA0000750000000000000001 /* FilterPanelViewController.swift in Sources */ = {isa = PBXBuildFile; fileRef = AA0000760000000000000001 /* FilterPanelViewController.swift */; };
		AA54347397E1A84ECC9091C6 /* FileBrowserViewModeCoordinator.swift in Sources */ = {isa = PBXBuildFile; fileRef = 57665B5821DB2A7B19E630F6 /* FileBrowserViewModeCoordinator.swift */; };
		AF0B1C2D3E4F567890123457 /* Atomic.swift in Sources */ = {isa = PBXBuildFile; fileRef = AF0B1C2D3E4F567890123456 /* Atomic.swift */; };
		AF0B1C2D3E4F567890123459 /* NSImage+Grayscale.swift in Sources */ = {isa = PBXBuildFile; fileRef = AF0B1C2D3E4F567890123458 /* NSImage+Grayscale.swift */; };
		AF0B1C2D3E4F567890123461 /* NSImage+Symbols.swift in Sources */ = {isa = PBXBuildFile; fileRef = AF0B1C2D3E4F567890123460 /* NSImage+Symbols.swift */; };
		ARR0001000200030004000501 /* Array+Safe.swift in Sources */ = {isa = PBXBuildFile; fileRef = ARR0001000200030004000500 /* Array+Safe.swift */; };
		B2FC970F2EFFE9E57BFB995B /* FileBrowserViewController+ContextMenuShim.swift in Sources */ = {isa = PBXBuildFile; fileRef = EAC66049370B0803F21D93D6 /* FileBrowserViewController+ContextMenuShim.swift */; };
		B463D291D24015C3949708E5 /* Localizable.strings in Resources */ = {isa = PBXBuildFile; fileRef = 4F42A041AC2EE71E4CDDECBC /* Localizable.strings */; };
		BA3148F27927A4CD8F8172BE /* FileBrowserViewController+NavigationCoordinator.swift in Sources */ = {isa = PBXBuildFile; fileRef = 1C7B9208F6406E999DE8AF15 /* FileBrowserViewController+NavigationCoordinator.swift */; };
		BA4A84D968741E01649CACEB /* FileBrowserOutlineCoordinator.swift in Sources */ = {isa = PBXBuildFile; fileRef = AE0569955DDF6C54A9D3A3B3 /* FileBrowserOutlineCoordinator.swift */; };
		BEAFD873B31E3ABADDD82181 /* PreviewHandler.swift in Sources */ = {isa = PBXBuildFile; fileRef = D53E3D5DC64E68CEB8DFC237 /* PreviewHandler.swift */; };
		C1F9E903CEAAA0B87E7CDF13 /* FileOperationsSettingsViewController.swift in Sources */ = {isa = PBXBuildFile; fileRef = 4CCF47DFCFAE193F05B95700 /* FileOperationsSettingsViewController.swift */; };
		C357D9E02ECA0ECB001BA891 /* AboutWindowController.swift in Sources */ = {isa = PBXBuildFile; fileRef = C357D9DF2ECA0ECB001BA891 /* AboutWindowController.swift */; };
		C357D9E72ECA0EDF001BA891 /* NotificationNames.swift in Sources */ = {isa = PBXBuildFile; fileRef = C357D9E22ECA0EDF001BA891 /* NotificationNames.swift */; };
		C357D9E82ECA0EDF001BA891 /* ProgressViewController.swift in Sources */ = {isa = PBXBuildFile; fileRef = C357D9E42ECA0EDF001BA891 /* ProgressViewController.swift */; };
		C357D9E92ECA0EDF001BA891 /* FileCopyMoveDialog.swift in Sources */ = {isa = PBXBuildFile; fileRef = C357D9E12ECA0EDF001BA891 /* FileCopyMoveDialog.swift */; };
		C357D9EA2ECA0EDF001BA891 /* ViewOptionsViewController.swift in Sources */ = {isa = PBXBuildFile; fileRef = C357D9E62ECA0EDF001BA891 /* ViewOptionsViewController.swift */; };
		C357D9EB2ECA0EDF001BA891 /* ViewOptions.swift in Sources */ = {isa = PBXBuildFile; fileRef = C357D9E52ECA0EDF001BA891 /* ViewOptions.swift */; };
		C357D9EC2ECA0EDF001BA891 /* PreviewViewController.swift in Sources */ = {isa = PBXBuildFile; fileRef = C357D9E32ECA0EDF001BA891 /* PreviewViewController.swift */; };
		C3E3E8DF3B3B49068B6DD9C8 /* StorageCategory.swift in Sources */ = {isa = PBXBuildFile; fileRef = 83A698595D0B4CF89651A85B /* StorageCategory.swift */; };
		C4A6E222371DE7B849D2EA9A /* SettingsStoreProtocol.swift in Sources */ = {isa = PBXBuildFile; fileRef = CD25000CB3988F34F6C2DB32 /* SettingsStoreProtocol.swift */; };
		C4F1E8A3831726DD68683ABE /* L10n.swift in Sources */ = {isa = PBXBuildFile; fileRef = 536E7006B83B9250EEBC9F98 /* L10n.swift */; };
		CA8A864612DDF0D2C3A1088A /* FileBrowserStateHandler.swift in Sources */ = {isa = PBXBuildFile; fileRef = 33D2DC3BF776FDDF0DB0D2C4 /* FileBrowserStateHandler.swift */; };
		CBDEDEC686D96E5691A0455A /* FileBrowserNavigationCoordinator.swift in Sources */ = {isa = PBXBuildFile; fileRef = 1F46AEEDB309A87AEB40CEBE /* FileBrowserNavigationCoordinator.swift */; };
		CCCBA794A1A1D994A87C8115 /* PreviewPaneViewController.swift in Sources */ = {isa = PBXBuildFile; fileRef = 65E9B8A3D560CC7CD32E7587 /* PreviewPaneViewController.swift */; };
		D1F884BA491944349930279B /* StartDesignSystem.swift in Sources */ = {isa = PBXBuildFile; fileRef = 67FC3670FEF34117B1EA37F4 /* StartDesignSystem.swift */; };
		D5133A27DB7842BC207F66A4 /* AppearanceSettingsViewController.swift in Sources */ = {isa = PBXBuildFile; fileRef = B091D0A463D4F89E7966E313 /* AppearanceSettingsViewController.swift */; };
		D5ADEF7CBF5C46D6A5E89870 /* ContextualPermissionManager.swift in Sources */ = {isa = PBXBuildFile; fileRef = 1F74C22C3ADD41E2A27FBABA /* ContextualPermissionManager.swift */; };
		DISP0001000000000000001A /* FileBrowserDisplayController.swift in Sources */ = {isa = PBXBuildFile; fileRef = DISP0002000000000000001A /* FileBrowserDisplayController.swift */; };
		E010E822F5B6962C1C72A271 /* StorageSettingsViewController.swift in Sources */ = {isa = PBXBuildFile; fileRef = 0330B936510D968B8821EE52 /* StorageSettingsViewController.swift */; };
		E351B29A6543AF26A693A062 /* SettingsTypes.swift in Sources */ = {isa = PBXBuildFile; fileRef = A396B5CC11AE1AF9E5DF55E1 /* SettingsTypes.swift */; };
		E8B6E57A8136E5E2406883DF /* FileBrowserDialogHelper.swift in Sources */ = {isa = PBXBuildFile; fileRef = 1DAEC933609FB68D93999CF3 /* FileBrowserDialogHelper.swift */; };
		EFA8CDAAEF2E685A3DA0B208 /* FileBrowserZoomCoordinator.swift in Sources */ = {isa = PBXBuildFile; fileRef = A05903544F0D31564E1CA1F8 /* FileBrowserZoomCoordinator.swift */; };
		F0B10C20D30E40F50A60B70D /* FileOperationsManager.swift in Sources */ = {isa = PBXBuildFile; fileRef = F0B10C20D30E40F50A60B70C /* FileOperationsManager.swift */; };
		F2F1F3B120814DC8BD4B145A /* StorageOverviewWidgetView.swift in Sources */ = {isa = PBXBuildFile; fileRef = ABBBCC2BFE824B9CB573D557 /* StorageOverviewWidgetView.swift */; };
		F7F8B9AF1DDC9B26C5EC7B75 /* FavoritesViewController.swift in Sources */ = {isa = PBXBuildFile; fileRef = 4F5F16F04A2BB42D6771DDDB /* FavoritesViewController.swift */; };
		F9FFEF95DD2049FABE8B6569 /* StorageItem.swift in Sources */ = {isa = PBXBuildFile; fileRef = D68A94874EBC4DC39B2A3061 /* StorageItem.swift */; };
		FB1A2B3C4D5E6F708192A1B5 /* FileBrowserDataSource.swift in Sources */ = {isa = PBXBuildFile; fileRef = FB1A2B3C4D5E6F708192A1B4 /* FileBrowserDataSource.swift */; };
		FF86E3A1B6CE2AAA0B02587F /* FileBrowserViewController+Toolbar.swift in Sources */ = {isa = PBXBuildFile; fileRef = B2ED3BB0F2CB38E1F542348E /* FileBrowserViewController+Toolbar.swift */; };
		HID0001000200030004000501 /* HiddenFilesVisibilityCoordinator.swift in Sources */ = {isa = PBXBuildFile; fileRef = HID0001000200030004000500 /* HiddenFilesVisibilityCoordinator.swift */; };
		NAV0001000200030004000501 /* NavigationManager.swift in Sources */ = {isa = PBXBuildFile; fileRef = NAV0001000200030004000500 /* NavigationManager.swift */; };
		TERM0001000000000000001A /* TerminalVisibilityCoordinator.swift in Sources */ = {isa = PBXBuildFile; fileRef = TERM0002000000000000001A /* TerminalVisibilityCoordinator.swift */; };
		TERMRC01000000000000001 /* default-terminal.zshrc in Resources */ = {isa = PBXBuildFile; fileRef = TERMRC02000000000000001 /* default-terminal.zshrc */; };
		USET0001000000000000001A /* FileBrowserUISetupController.swift in Sources */ = {isa = PBXBuildFile; fileRef = USET0002000000000000001A /* FileBrowserUISetupController.swift */; };
/* End PBXBuildFile section */

/* Begin PBXFileReference section */
		0178878CFF509ED4D5E67486 /* FileBrowserViewController+FileOperations.swift */ = {isa = PBXFileReference; includeInIndex = 1; lastKnownFileType = sourcecode.swift; path = "FileBrowser/Extensions/FileBrowserViewController+FileOperations.swift"; sourceTree = "<group>"; };
		0330B936510D968B8821EE52 /* StorageSettingsViewController.swift */ = {isa = PBXFileReference; includeInIndex = 1; lastKnownFileType = sourcecode.swift; path = StorageSettingsViewController.swift; sourceTree = "<group>"; };
		0375E31551A39394DACA077C /* SettingsUserDefaultsKeys.swift */ = {isa = PBXFileReference; lastKnownFileType = sourcecode.swift; path = Core/Storage/SettingsUserDefaultsKeys.swift; sourceTree = "<group>"; };
		08B971B3759F927A8101D61E /* AccentColorControls.swift */ = {isa = PBXFileReference; includeInIndex = 1; lastKnownFileType = sourcecode.swift; path = AccentColorControls.swift; sourceTree = "<group>"; };
		0C08084D0711B04C4A193557 /* FileBrowserActionHandler.swift */ = {isa = PBXFileReference; includeInIndex = 1; lastKnownFileType = sourcecode.swift; name = FileBrowserActionHandler.swift; path = FileBrowser/Handlers/FileBrowserActionHandler.swift; sourceTree = "<group>"; };
		1398E63F539453FA294B5877 /* BannerNotificationManager.swift */ = {isa = PBXFileReference; includeInIndex = 1; lastKnownFileType = sourcecode.swift; name = BannerNotificationManager.swift; path = FileBrowser/BannerNotificationManager.swift; sourceTree = "<group>"; };
		16F13AFA7D36527FAC1CEC06 /* Help */ = {isa = PBXFileReference; includeInIndex = 1; lastKnownFileType = folder; path = Help; sourceTree = "<group>"; };
		1972F8A5DEE3441298641AFC /* StorageListViewController.swift */ = {isa = PBXFileReference; lastKnownFileType = sourcecode.swift; path = StorageListViewController.swift; sourceTree = "<group>"; };
		197409667C10BD1AE914F819 /* FileBrowserColumnCoordinator.swift */ = {isa = PBXFileReference; includeInIndex = 1; lastKnownFileType = sourcecode.swift; name = FileBrowserColumnCoordinator.swift; path = FileBrowser/Coordinators/FileBrowserColumnCoordinator.swift; sourceTree = "<group>"; };
		1C7B9208F6406E999DE8AF15 /* FileBrowserViewController+NavigationCoordinator.swift */ = {isa = PBXFileReference; includeInIndex = 1; lastKnownFileType = sourcecode.swift; path = "FileBrowser/Extensions/FileBrowserViewController+NavigationCoordinator.swift"; sourceTree = "<group>"; };
		1DAEC933609FB68D93999CF3 /* FileBrowserDialogHelper.swift */ = {isa = PBXFileReference; includeInIndex = 1; lastKnownFileType = sourcecode.swift; path = FileBrowser/UI/FileBrowserDialogHelper.swift; sourceTree = "<group>"; };
		1F46AEEDB309A87AEB40CEBE /* FileBrowserNavigationCoordinator.swift */ = {isa = PBXFileReference; includeInIndex = 1; lastKnownFileType = sourcecode.swift; path = FileBrowser/Coordinators/FileBrowserNavigationCoordinator.swift; sourceTree = "<group>"; };
		1F74C22C3ADD41E2A27FBABA /* ContextualPermissionManager.swift */ = {isa = PBXFileReference; lastKnownFileType = sourcecode.swift; path = Core/Services/ContextualPermissionManager.swift; sourceTree = "<group>"; };
		1FBDDCAF9FC944D889F88AB7 /* FavoritesWidgetView.swift */ = {isa = PBXFileReference; lastKnownFileType = sourcecode.swift; path = FavoritesWidgetView.swift; sourceTree = "<group>"; };
		2EE3071256D14F848904E873 /* StorageProgressViewController.swift */ = {isa = PBXFileReference; lastKnownFileType = sourcecode.swift; path = StorageProgressViewController.swift; sourceTree = "<group>"; };
		313C281B1524A427D6E39CD0 /* GeneralSettingsViewController.swift */ = {isa = PBXFileReference; lastKnownFileType = sourcecode.swift; path = GeneralSettingsViewController.swift; sourceTree = "<group>"; };
		33D2DC3BF776FDDF0DB0D2C4 /* FileBrowserStateHandler.swift */ = {isa = PBXFileReference; includeInIndex = 1; lastKnownFileType = sourcecode.swift; name = FileBrowserStateHandler.swift; path = FileBrowser/Handlers/FileBrowserStateHandler.swift; sourceTree = "<group>"; };
		37016D72CD8E53ED39337E9B /* KeychainStore.swift */ = {isa = PBXFileReference; includeInIndex = 1; lastKnownFileType = sourcecode.swift; path = Core/Services/KeychainStore.swift; sourceTree = "<group>"; };
		3CC9FC164EB649DC8E794014 /* QuickActionsWidgetView.swift */ = {isa = PBXFileReference; lastKnownFileType = sourcecode.swift; path = QuickActionsWidgetView.swift; sourceTree = "<group>"; };
		3DF128936A56C674C582D9CD /* TabsSettingsViewController.swift */ = {isa = PBXFileReference; lastKnownFileType = sourcecode.swift; path = TabsSettingsViewController.swift; sourceTree = "<group>"; };
		422FE47EB2DDBD42298F2F21 /* LocationsViewController.swift */ = {isa = PBXFileReference; includeInIndex = 1; lastKnownFileType = sourcecode.swift; path = LocationsViewController.swift; sourceTree = "<group>"; };
		49269EEC959CEBC6D857DB66 /* FileSystemHelpers.swift */ = {isa = PBXFileReference; includeInIndex = 1; lastKnownFileType = sourcecode.swift; name = FileSystemHelpers.swift; path = Core/Services/FileSystemHelpers.swift; sourceTree = "<group>"; };
		4A238D08CA21829F4316AD59 /* FileBrowserQuickLookCoordinator.swift */ = {isa = PBXFileReference; includeInIndex = 1; lastKnownFileType = sourcecode.swift; name = FileBrowserQuickLookCoordinator.swift; path = FileBrowser/Coordinators/FileBrowserQuickLookCoordinator.swift; sourceTree = "<group>"; };
		4B1FADE6425CA28DEED521D3 /* NSColor+CustomAccentColor.swift */ = {isa = PBXFileReference; lastKnownFileType = sourcecode.swift; path = "NSColor+CustomAccentColor.swift"; sourceTree = "<group>"; };
		4CCF47DFCFAE193F05B95700 /* FileOperationsSettingsViewController.swift */ = {isa = PBXFileReference; lastKnownFileType = sourcecode.swift; path = FileOperationsSettingsViewController.swift; sourceTree = "<group>"; };
		4ECCD8AED13C7753EF4D2613 /* FileBrowserDragDropHandler.swift */ = {isa = PBXFileReference; includeInIndex = 1; lastKnownFileType = sourcecode.swift; name = FileBrowserDragDropHandler.swift; path = FileBrowser/UI/FileBrowserDragDropHandler.swift; sourceTree = "<group>"; };
		4F42A041AC2EE71E4CDDECBC /* Localizable.strings */ = {isa = PBXFileReference; includeInIndex = 1; lastKnownFileType = text.plist.strings; name = Localizable.strings; path = Localizable.strings; sourceTree = "<group>"; };
		4F5F16F04A2BB42D6771DDDB /* FavoritesViewController.swift */ = {isa = PBXFileReference; includeInIndex = 1; lastKnownFileType = sourcecode.swift; path = FavoritesViewController.swift; sourceTree = "<group>"; };
		533E45BA233E6BBAE045936E /* Logging.swift */ = {isa = PBXFileReference; includeInIndex = 1; lastKnownFileType = sourcecode.swift; name = Logging.swift; path = Logging.swift; sourceTree = "<group>"; };
		536E7006B83B9250EEBC9F98 /* L10n.swift */ = {isa = PBXFileReference; includeInIndex = 1; lastKnownFileType = sourcecode.swift; name = L10n.swift; path = L10n.swift; sourceTree = "<group>"; };
		57665B5821DB2A7B19E630F6 /* FileBrowserViewModeCoordinator.swift */ = {isa = PBXFileReference; includeInIndex = 1; lastKnownFileType = sourcecode.swift; path = FileBrowser/Coordinators/FileBrowserViewModeCoordinator.swift; sourceTree = "<group>"; };
		579C32F7352220211901196E /* FileBrowserStatusBarManager.swift */ = {isa = PBXFileReference; includeInIndex = 1; lastKnownFileType = sourcecode.swift; name = FileBrowserStatusBarManager.swift; path = FileBrowser/Controllers/FileBrowserStatusBarManager.swift; sourceTree = "<group>"; };
		5906E3EA4D59597ACA735CCB /* PreviewHandlers.swift */ = {isa = PBXFileReference; includeInIndex = 1; lastKnownFileType = sourcecode.swift; path = PreviewHandlers.swift; sourceTree = "<group>"; };
		5D1E7DCD9FE14FF7B5FDA8E9 /* StorageSummaryViewController.swift */ = {isa = PBXFileReference; lastKnownFileType = sourcecode.swift; path = StorageSummaryViewController.swift; sourceTree = "<group>"; };
		6110C5F50B85CF313E260BD2 /* FileBrowserPreviewPaneCoordinator.swift */ = {isa = PBXFileReference; includeInIndex = 1; lastKnownFileType = sourcecode.swift; path = FileBrowser/Coordinators/FileBrowserPreviewPaneCoordinator.swift; sourceTree = "<group>"; };
		64389EBA797C775B59AFC1BB /* FileBrowserSupportTypes.swift */ = {isa = PBXFileReference; lastKnownFileType = sourcecode.swift; path = FileBrowser/UI/FileBrowserSupportTypes.swift; sourceTree = "<group>"; };
		65E9B8A3D560CC7CD32E7587 /* PreviewPaneViewController.swift */ = {isa = PBXFileReference; includeInIndex = 1; lastKnownFileType = sourcecode.swift; path = PreviewPaneViewController.swift; sourceTree = "<group>"; };
		67FC3670FEF34117B1EA37F4 /* StartDesignSystem.swift */ = {isa = PBXFileReference; lastKnownFileType = sourcecode.swift; path = StartDesignSystem.swift; sourceTree = "<group>"; };
		76D8EBAF5FC387ECDD0511DA /* FileBrowserViewController+CoordinatorDelegates.swift */ = {isa = PBXFileReference; includeInIndex = 1; lastKnownFileType = sourcecode.swift; name = "FileBrowserViewController+CoordinatorDelegates.swift"; path = "FileBrowser/Extensions/FileBrowserViewController+CoordinatorDelegates.swift"; sourceTree = "<group>"; };
		7A8FC82D42CB696945230302 /* SidebarSettingsViewController.swift */ = {isa = PBXFileReference; lastKnownFileType = sourcecode.swift; path = SidebarSettingsViewController.swift; sourceTree = "<group>"; };
		7C10E33E57143492B991CF25 /* AdvancedSettingsViewController.swift */ = {isa = PBXFileReference; lastKnownFileType = sourcecode.swift; path = AdvancedSettingsViewController.swift; sourceTree = "<group>"; };
		7EEDC1A3B4C54D2F9A123457 /* FreeFormCollectionViewLayout.swift */ = {isa = PBXFileReference; lastKnownFileType = sourcecode.swift; path = FileBrowser/UI/FreeFormCollectionViewLayout.swift; sourceTree = "<group>"; };
		7FC10CFA25736C1BBB853673 /* FileBrowserStatusBarCoordinator.swift */ = {isa = PBXFileReference; includeInIndex = 1; lastKnownFileType = sourcecode.swift; name = FileBrowserStatusBarCoordinator.swift; path = FileBrowser/Coordinators/FileBrowserStatusBarCoordinator.swift; sourceTree = "<group>"; };
		83A698595D0B4CF89651A85B /* StorageCategory.swift */ = {isa = PBXFileReference; lastKnownFileType = sourcecode.swift; path = Core/Models/StorageCategory.swift; sourceTree = "<group>"; };
		8690B54BDD6E20E612FF536C /* SidebarSupport.swift */ = {isa = PBXFileReference; includeInIndex = 1; lastKnownFileType = sourcecode.swift; path = SidebarSupport.swift; sourceTree = "<group>"; };
		8696DE7131D34C0BAB016416 /* StorageAnalyzerEngine.swift */ = {isa = PBXFileReference; lastKnownFileType = sourcecode.swift; path = StorageAnalyzerEngine.swift; sourceTree = "<group>"; };
		8A1B2C3D4E5F678901234568 /* TabButtonContainerView.swift */ = {isa = PBXFileReference; lastKnownFileType = sourcecode.swift; path = TabButtonContainerView.swift; sourceTree = "<group>"; };
		8A5505188B08D8F3F27C23A0 /* FileBrowserViewController+SelectionCoordinator.swift */ = {isa = PBXFileReference; includeInIndex = 1; lastKnownFileType = sourcecode.swift; path = "FileBrowser/Extensions/FileBrowserViewController+SelectionCoordinator.swift"; sourceTree = "<group>"; };
		9128C20CD205ABF8E7FD423E /* FileBrowserActionHelper.swift */ = {isa = PBXFileReference; includeInIndex = 1; lastKnownFileType = sourcecode.swift; path = FileBrowser/UI/FileBrowserActionHelper.swift; sourceTree = "<group>"; };
		92FD942D5BA469E7FE8943C0 /* PermissionsSettingsViewController.swift */ = {isa = PBXFileReference; lastKnownFileType = sourcecode.swift; path = PermissionsSettingsViewController.swift; sourceTree = "<group>"; };
		9369570556C1EF2AB9C150DB /* URLValidation.swift */ = {isa = PBXFileReference; includeInIndex = 1; lastKnownFileType = sourcecode.swift; name = URLValidation.swift; path = Utilities/URLValidation.swift; sourceTree = "<group>"; };
		9CA5260DDE46454E997823C4 /* WelcomeWidgetView.swift */ = {isa = PBXFileReference; lastKnownFileType = sourcecode.swift; path = WelcomeWidgetView.swift; sourceTree = "<group>"; };
		9F1A2B3C4D5E6F708192A1B3 /* WindowTrafficLightManager.swift */ = {isa = PBXFileReference; includeInIndex = 1; lastKnownFileType = sourcecode.swift; path = WindowTrafficLightManager.swift; sourceTree = "<group>"; };
		A05903544F0D31564E1CA1F8 /* FileBrowserZoomCoordinator.swift */ = {isa = PBXFileReference; includeInIndex = 1; lastKnownFileType = sourcecode.swift; path = FileBrowser/Coordinators/FileBrowserZoomCoordinator.swift; sourceTree = "<group>"; };
		A06050E7A60B4D73BE112E7F /* StorageScopeSelectionViewController.swift */ = {isa = PBXFileReference; lastKnownFileType = sourcecode.swift; path = StorageScopeSelectionViewController.swift; sourceTree = "<group>"; };
		A0A3B5F73CDC52C8FE3F338F /* FileBrowserContextMenuProvider.swift */ = {isa = PBXFileReference; includeInIndex = 1; lastKnownFileType = sourcecode.swift; path = FileBrowser/UI/FileBrowserContextMenuProvider.swift; sourceTree = "<group>"; };
		A2944A48EC7991DC9E8BE7B3 /* ContextMenuSettingsViewController.swift */ = {isa = PBXFileReference; lastKnownFileType = sourcecode.swift; path = ContextMenuSettingsViewController.swift; sourceTree = "<group>"; };
		A396B5CC11AE1AF9E5DF55E1 /* SettingsTypes.swift */ = {isa = PBXFileReference; lastKnownFileType = sourcecode.swift; path = Core/Models/SettingsTypes.swift; sourceTree = "<group>"; };
		AA0000000000000000000001 /* MacFileExplorer.app */ = {isa = PBXFileReference; explicitFileType = wrapper.application; includeInIndex = 0; path = MacFileExplorer.app; sourceTree = BUILT_PRODUCTS_DIR; };
		AA0000020000000000000001 /* AppDelegate.swift */ = {isa = PBXFileReference; lastKnownFileType = sourcecode.swift; path = App/AppDelegate.swift; sourceTree = "<group>"; };
		AA0000040000000000000001 /* MainWindowController.swift */ = {isa = PBXFileReference; lastKnownFileType = sourcecode.swift; path = App/MainWindowController.swift; sourceTree = "<group>"; };
		AA0000060000000000000001 /* SplitViewController.swift */ = {isa = PBXFileReference; lastKnownFileType = sourcecode.swift; path = SplitViewController.swift; sourceTree = "<group>"; };
		AA0000080000000000000001 /* FileBrowserViewController.swift */ = {isa = PBXFileReference; lastKnownFileType = sourcecode.swift; path = FileBrowserViewController.swift; sourceTree = "<group>"; };
		AA0000100000000000000001 /* TerminalViewController.swift */ = {isa = PBXFileReference; lastKnownFileType = sourcecode.swift; path = TerminalViewController.swift; sourceTree = "<group>"; };
		AA0000120000000000000001 /* TabBarController.swift */ = {isa = PBXFileReference; lastKnownFileType = sourcecode.swift; path = TabBarController.swift; sourceTree = "<group>"; };
		AA0000140000000000000001 /* FileItem.swift */ = {isa = PBXFileReference; lastKnownFileType = sourcecode.swift; path = Core/Models/FileItem.swift; sourceTree = "<group>"; };
		AA0000160000000000000001 /* ColorManager.swift */ = {isa = PBXFileReference; lastKnownFileType = sourcecode.swift; path = Core/Services/ColorManager.swift; sourceTree = "<group>"; };
		AA0000180000000000000001 /* FileSystemMonitor.swift */ = {isa = PBXFileReference; lastKnownFileType = sourcecode.swift; path = Core/Services/FileSystemMonitor.swift; sourceTree = "<group>"; };
		AA0000200000000000000001 /* Assets.xcassets */ = {isa = PBXFileReference; lastKnownFileType = folder.assetcatalog; path = Assets.xcassets; sourceTree = "<group>"; };
		AA0000220000000000000001 /* MainMenu.xib */ = {isa = PBXFileReference; lastKnownFileType = file.xib; path = MainMenu.xib; sourceTree = "<group>"; };
		AA0000230000000000000001 /* Info.plist */ = {isa = PBXFileReference; lastKnownFileType = text.plist.xml; path = Info.plist; sourceTree = "<group>"; };
		AA0000240000000000000001 /* MacFileExplorer.entitlements */ = {isa = PBXFileReference; lastKnownFileType = text.plist.entitlements; path = MacFileExplorer.entitlements; sourceTree = "<group>"; };
		AA0000310000000000000001 /* SidebarViewController.swift */ = {isa = PBXFileReference; lastKnownFileType = sourcecode.swift; path = SidebarViewController.swift; sourceTree = "<group>"; };
		AA0000320000000000000001 /* ToolbarViewController.swift */ = {isa = PBXFileReference; lastKnownFileType = sourcecode.swift; path = ToolbarViewController.swift; sourceTree = "<group>"; };
		AA0000350000000000000001 /* SplitPaneViewController.swift */ = {isa = PBXFileReference; lastKnownFileType = sourcecode.swift; path = SplitPaneViewController.swift; sourceTree = "<group>"; };
		AA0000360000000000000001 /* SettingsViewController.swift */ = {isa = PBXFileReference; lastKnownFileType = sourcecode.swift; path = SettingsViewController.swift; sourceTree = "<group>"; };
		AA0000390000000000000001 /* SettingsSidebarViewController.swift */ = {isa = PBXFileReference; lastKnownFileType = sourcecode.swift; path = SettingsSidebarViewController.swift; sourceTree = "<group>"; };
		AA0000410000000000000001 /* SettingsWindowController.swift */ = {isa = PBXFileReference; lastKnownFileType = sourcecode.swift; path = SettingsWindowController.swift; sourceTree = "<group>"; };
		AA0000430000000000000001 /* FileIconItem.swift */ = {isa = PBXFileReference; lastKnownFileType = sourcecode.swift; path = FileIconItem.swift; sourceTree = "<group>"; };
		AA0000450000000000000001 /* SettingsSidebarCellView.swift */ = {isa = PBXFileReference; lastKnownFileType = sourcecode.swift; path = SettingsSidebarCellView.swift; sourceTree = "<group>"; };
		AA0000470000000000000001 /* StatusBarViewController.swift */ = {isa = PBXFileReference; lastKnownFileType = sourcecode.swift; path = StatusBarViewController.swift; sourceTree = "<group>"; };
		AA0000510000000000000001 /* SettingsSplitPaneViewController.swift */ = {isa = PBXFileReference; lastKnownFileType = sourcecode.swift; path = SettingsSplitPaneViewController.swift; sourceTree = "<group>"; };
		AA0000760000000000000001 /* FilterPanelViewController.swift */ = {isa = PBXFileReference; lastKnownFileType = sourcecode.swift; path = FileBrowser/Views/FilterPanelViewController.swift; sourceTree = "<group>"; };
		ABBBCC2BFE824B9CB573D557 /* StorageOverviewWidgetView.swift */ = {isa = PBXFileReference; lastKnownFileType = sourcecode.swift; path = StorageOverviewWidgetView.swift; sourceTree = "<group>"; };
		AE0569955DDF6C54A9D3A3B3 /* FileBrowserOutlineCoordinator.swift */ = {isa = PBXFileReference; includeInIndex = 1; lastKnownFileType = sourcecode.swift; name = FileBrowserOutlineCoordinator.swift; path = FileBrowser/Coordinators/FileBrowserOutlineCoordinator.swift; sourceTree = "<group>"; };
		AF0B1C2D3E4F567890123456 /* Atomic.swift */ = {isa = PBXFileReference; lastKnownFileType = sourcecode.swift; path = Atomic.swift; sourceTree = "<group>"; };
		AF0B1C2D3E4F567890123458 /* NSImage+Grayscale.swift */ = {isa = PBXFileReference; lastKnownFileType = sourcecode.swift; path = "NSImage+Grayscale.swift"; sourceTree = "<group>"; };
		AF0B1C2D3E4F567890123460 /* NSImage+Symbols.swift */ = {isa = PBXFileReference; lastKnownFileType = sourcecode.swift; path = "NSImage+Symbols.swift"; sourceTree = "<group>"; };
		AF7A16206E1A5FEA62C81C3F /* TerminalSettingsViewController.swift */ = {isa = PBXFileReference; lastKnownFileType = sourcecode.swift; path = TerminalSettingsViewController.swift; sourceTree = "<group>"; };
		ARR0001000200030004000500 /* Array+Safe.swift */ = {isa = PBXFileReference; lastKnownFileType = sourcecode.swift; path = "MacFileExplorer/Sources/Array+Safe.swift"; sourceTree = SOURCE_ROOT; };
		B091D0A463D4F89E7966E313 /* AppearanceSettingsViewController.swift */ = {isa = PBXFileReference; lastKnownFileType = sourcecode.swift; path = AppearanceSettingsViewController.swift; sourceTree = "<group>"; };
		B1FFE03C491D474790704210 /* GettingStartedWidgetView.swift */ = {isa = PBXFileReference; lastKnownFileType = sourcecode.swift; path = GettingStartedWidgetView.swift; sourceTree = "<group>"; };
		B2C5E8F93A4D4761B9E72C40 /* StorageAnalyzerTabViewController.swift */ = {isa = PBXFileReference; lastKnownFileType = sourcecode.swift; path = StorageAnalyzerTabViewController.swift; sourceTree = "<group>"; };
		B2ED3BB0F2CB38E1F542348E /* FileBrowserViewController+Toolbar.swift */ = {isa = PBXFileReference; includeInIndex = 1; lastKnownFileType = sourcecode.swift; path = "FileBrowser/Extensions/FileBrowserViewController+Toolbar.swift"; sourceTree = "<group>"; };
		BA73C3EC828F89EAB183DB90 /* FileBrowserDragDropCoordinator.swift */ = {isa = PBXFileReference; includeInIndex = 1; lastKnownFileType = sourcecode.swift; name = FileBrowserDragDropCoordinator.swift; path = FileBrowser/Coordinators/FileBrowserDragDropCoordinator.swift; sourceTree = "<group>"; };
		C037F8CDCD304468C6C897E3 /* SettingsStoreGroups.swift */ = {isa = PBXFileReference; includeInIndex = 1; lastKnownFileType = sourcecode.swift; name = SettingsStoreGroups.swift; path = Core/Storage/SettingsStoreGroups.swift; sourceTree = "<group>"; };
		C2CA98F441BC469AA6AC8B30 /* StartWidgetView.swift */ = {isa = PBXFileReference; lastKnownFileType = sourcecode.swift; path = StartWidgetView.swift; sourceTree = "<group>"; };
		C357D9DF2ECA0ECB001BA891 /* AboutWindowController.swift */ = {isa = PBXFileReference; lastKnownFileType = sourcecode.swift; path = AboutWindowController.swift; sourceTree = "<group>"; };
		C357D9E12ECA0EDF001BA891 /* FileCopyMoveDialog.swift */ = {isa = PBXFileReference; lastKnownFileType = sourcecode.swift; path = FileCopyMoveDialog.swift; sourceTree = "<group>"; };
		C357D9E22ECA0EDF001BA891 /* NotificationNames.swift */ = {isa = PBXFileReference; lastKnownFileType = sourcecode.swift; path = NotificationNames.swift; sourceTree = "<group>"; };
		C357D9E32ECA0EDF001BA891 /* PreviewViewController.swift */ = {isa = PBXFileReference; lastKnownFileType = sourcecode.swift; path = PreviewViewController.swift; sourceTree = "<group>"; };
		C357D9E42ECA0EDF001BA891 /* ProgressViewController.swift */ = {isa = PBXFileReference; lastKnownFileType = sourcecode.swift; path = ProgressViewController.swift; sourceTree = "<group>"; };
		C357D9E52ECA0EDF001BA891 /* ViewOptions.swift */ = {isa = PBXFileReference; lastKnownFileType = sourcecode.swift; path = Core/Models/ViewOptions.swift; sourceTree = "<group>"; };
		C357D9E62ECA0EDF001BA891 /* ViewOptionsViewController.swift */ = {isa = PBXFileReference; lastKnownFileType = sourcecode.swift; path = ViewOptionsViewController.swift; sourceTree = "<group>"; };
		C8597653ABC94615B0186203 /* StartViewController.swift */ = {isa = PBXFileReference; lastKnownFileType = sourcecode.swift; path = StartViewController.swift; sourceTree = "<group>"; };
		CD25000CB3988F34F6C2DB32 /* SettingsStoreProtocol.swift */ = {isa = PBXFileReference; includeInIndex = 1; lastKnownFileType = sourcecode.swift; path = Core/Storage/SettingsStoreProtocol.swift; sourceTree = "<group>"; };
		CD6B737170425A3A6175D91A /* FileBrowserGestureHandler.swift */ = {isa = PBXFileReference; includeInIndex = 1; lastKnownFileType = sourcecode.swift; name = FileBrowserGestureHandler.swift; path = FileBrowser/FileBrowserGestureHandler.swift; sourceTree = "<group>"; };
		CD773D7538AD3464BF8857A1 /* AppConfig.swift */ = {isa = PBXFileReference; includeInIndex = 1; lastKnownFileType = sourcecode.swift; path = App/AppConfig.swift; sourceTree = "<group>"; };
		D25571C2C8395C0D079C08C7 /* PermissionsManager.swift */ = {isa = PBXFileReference; includeInIndex = 1; lastKnownFileType = sourcecode.swift; path = Core/Services/PermissionsManager.swift; sourceTree = "<group>"; };
		D3664633C5874840B264CBF1 /* StorageAnalyzerWindowController.swift */ = {isa = PBXFileReference; lastKnownFileType = sourcecode.swift; path = StorageAnalyzerWindowController.swift; sourceTree = "<group>"; };
		D53E3D5DC64E68CEB8DFC237 /* PreviewHandler.swift */ = {isa = PBXFileReference; includeInIndex = 1; lastKnownFileType = sourcecode.swift; path = PreviewHandler.swift; sourceTree = "<group>"; };
		D68A94874EBC4DC39B2A3061 /* StorageItem.swift */ = {isa = PBXFileReference; lastKnownFileType = sourcecode.swift; path = StorageItem.swift; sourceTree = "<group>"; };
		D7D3C8D1A946CD6030946240 /* GoMenuSettingsViewController.swift */ = {isa = PBXFileReference; lastKnownFileType = sourcecode.swift; path = GoMenuSettingsViewController.swift; sourceTree = "<group>"; };
		DB1234567890ABCDEFFEDCBA /* FileBrowserSelectionManager.swift */ = {isa = PBXFileReference; lastKnownFileType = sourcecode.swift; path = FileBrowser/DataSource/FileBrowserSelectionManager.swift; sourceTree = "<group>"; };
		DC1234567890ABCDEFFEDCBA /* SettingsStore.swift */ = {isa = PBXFileReference; lastKnownFileType = sourcecode.swift; path = Core/Storage/SettingsStore.swift; sourceTree = "<group>"; };
		DF74C4AB5380E3F0C2B1D449 /* BrowserFactory.swift */ = {isa = PBXFileReference; includeInIndex = 1; lastKnownFileType = sourcecode.swift; name = BrowserFactory.swift; path = FileBrowser/DataSource/BrowserFactory.swift; sourceTree = "<group>"; };
		DF96240872576DF225D9F467 /* FileBrowserFilterCoordinator.swift */ = {isa = PBXFileReference; includeInIndex = 1; lastKnownFileType = sourcecode.swift; path = FileBrowser/Coordinators/FileBrowserFilterCoordinator.swift; sourceTree = "<group>"; };
		DISP0002000000000000001A /* FileBrowserDisplayController.swift */ = {isa = PBXFileReference; lastKnownFileType = sourcecode.swift; path = FileBrowser/Controllers/FileBrowserDisplayController.swift; sourceTree = "<group>"; };
		E2E0F3CDA206AA06DDA73C6D /* ToolbarSettingsViewController.swift */ = {isa = PBXFileReference; lastKnownFileType = sourcecode.swift; path = ToolbarSettingsViewController.swift; sourceTree = "<group>"; };
		EAC66049370B0803F21D93D6 /* FileBrowserViewController+ContextMenuShim.swift */ = {isa = PBXFileReference; includeInIndex = 1; lastKnownFileType = sourcecode.swift; name = "FileBrowserViewController+ContextMenuShim.swift"; path = "FileBrowser/Extensions/FileBrowserViewController+ContextMenuShim.swift"; sourceTree = "<group>"; };
		F0B10C20D30E40F50A60B70C /* FileOperationsManager.swift */ = {isa = PBXFileReference; lastKnownFileType = sourcecode.swift; path = Core/Services/FileOperationsManager.swift; sourceTree = "<group>"; };
		F10C67119FFA854FFDD15227 /* FileBrowserCollectionCoordinator.swift */ = {isa = PBXFileReference; includeInIndex = 1; lastKnownFileType = sourcecode.swift; name = FileBrowserCollectionCoordinator.swift; path = FileBrowser/Coordinators/FileBrowserCollectionCoordinator.swift; sourceTree = "<group>"; };
		F1BABEAB45538AC5CA749C92 /* FileBrowserInteractionCoordinator.swift */ = {isa = PBXFileReference; includeInIndex = 1; lastKnownFileType = sourcecode.swift; name = FileBrowserInteractionCoordinator.swift; path = FileBrowser/Coordinators/FileBrowserInteractionCoordinator.swift; sourceTree = "<group>"; };
		F4A1271B67D753466BF6A75A /* FolderOutlineViewController.swift */ = {isa = PBXFileReference; includeInIndex = 1; lastKnownFileType = sourcecode.swift; name = FolderOutlineViewController.swift; path = FileBrowser/Views/FolderOutlineViewController.swift; sourceTree = "<group>"; };
		F9410711140846533B4EE97F /* PendingSettings.swift */ = {isa = PBXFileReference; lastKnownFileType = sourcecode.swift; path = Core/Storage/PendingSettings.swift; sourceTree = "<group>"; };
		FB1A2B3C4D5E6F708192A1B4 /* FileBrowserDataSource.swift */ = {isa = PBXFileReference; lastKnownFileType = sourcecode.swift; path = FileBrowser/DataSource/FileBrowserDataSource.swift; sourceTree = "<group>"; };
		FEEEE432A44A5514DCDF043F /* FileBrowserKeyboardHandler.swift */ = {isa = PBXFileReference; includeInIndex = 1; lastKnownFileType = sourcecode.swift; name = FileBrowserKeyboardHandler.swift; path = FileBrowser/FileBrowserKeyboardHandler.swift; sourceTree = "<group>"; };
		FF2910B7DB83FCFDA7B22D6B /* FileBrowserSelectionCoordinator.swift */ = {isa = PBXFileReference; includeInIndex = 1; lastKnownFileType = sourcecode.swift; path = FileBrowser/Coordinators/FileBrowserSelectionCoordinator.swift; sourceTree = "<group>"; };
		HID0001000200030004000500 /* HiddenFilesVisibilityCoordinator.swift */ = {isa = PBXFileReference; lastKnownFileType = sourcecode.swift; path = MacFileExplorer/Sources/HiddenFilesVisibilityCoordinator.swift; sourceTree = SOURCE_ROOT; };
		NAV0001000200030004000500 /* NavigationManager.swift */ = {isa = PBXFileReference; lastKnownFileType = sourcecode.swift; path = Core/Services/NavigationManager.swift; sourceTree = "<group>"; };
		TERM0002000000000000001A /* TerminalVisibilityCoordinator.swift */ = {isa = PBXFileReference; lastKnownFileType = sourcecode.swift; path = TerminalVisibilityCoordinator.swift; sourceTree = "<group>"; };
		TERMRC02000000000000001 /* default-terminal.zshrc */ = {isa = PBXFileReference; lastKnownFileType = text; path = "default-terminal.zshrc"; sourceTree = "<group>"; };
		USET0002000000000000001A /* FileBrowserUISetupController.swift */ = {isa = PBXFileReference; lastKnownFileType = sourcecode.swift; path = FileBrowser/Controllers/FileBrowserUISetupController.swift; sourceTree = "<group>"; };
/* End PBXFileReference section */

/* Begin PBXFrameworksBuildPhase section */
		AA9999990000000000000001 /* Frameworks */ = {
			isa = PBXFrameworksBuildPhase;
			buildActionMask = 2147483647;
			files = (
			);
			runOnlyForDeploymentPostprocessing = 0;
		};
/* End PBXFrameworksBuildPhase section */

/* Begin PBXGroup section */
		3D612BCE865A633DAA120BBC /* en.lproj */ = {
			isa = PBXGroup;
			children = (
				4F42A041AC2EE71E4CDDECBC /* Localizable.strings */,
			);
			name = en.lproj;
			path = en.lproj;
			sourceTree = "<group>";
		};
		AA0000250000000000000001 /* MacFileExplorer */ = {
			isa = PBXGroup;
			children = (
				AA0000270000000000000001 /* Sources */,
				AA0000280000000000000001 /* Resources */,
				AA0000290000000000000001 /* Supporting Files */,
			);
			path = MacFileExplorer;
			sourceTree = "<group>";
		};
		AA0000260000000000000001 /* Products */ = {
			isa = PBXGroup;
			children = (
				AA0000000000000000000001 /* MacFileExplorer.app */,
			);
			name = Products;
			sourceTree = "<group>";
		};
		AA0000270000000000000001 /* Sources */ = {
			isa = PBXGroup;
			children = (
				C357D9E12ECA0EDF001BA891 /* FileCopyMoveDialog.swift */,
				7EEDC1A3B4C54D2F9A123457 /* FreeFormCollectionViewLayout.swift */,
				C357D9E22ECA0EDF001BA891 /* NotificationNames.swift */,
				C357D9E32ECA0EDF001BA891 /* PreviewViewController.swift */,
				C357D9E42ECA0EDF001BA891 /* ProgressViewController.swift */,
				C357D9E52ECA0EDF001BA891 /* ViewOptions.swift */,
				C357D9E62ECA0EDF001BA891 /* ViewOptionsViewController.swift */,
				C357D9DF2ECA0ECB001BA891 /* AboutWindowController.swift */,
				8A1B2C3D4E5F678901234568 /* TabButtonContainerView.swift */,
				AA0000020000000000000001 /* AppDelegate.swift */,
				AA0000040000000000000001 /* MainWindowController.swift */,
				AA0000060000000000000001 /* SplitViewController.swift */,
				AA0000080000000000000001 /* FileBrowserViewController.swift */,
				64389EBA797C775B59AFC1BB /* FileBrowserSupportTypes.swift */,
				AA0000760000000000000001 /* FilterPanelViewController.swift */,
				AA0000100000000000000001 /* TerminalViewController.swift */,
				AA0000120000000000000001 /* TabBarController.swift */,
				AA0000310000000000000001 /* SidebarViewController.swift */,
				AA0000320000000000000001 /* ToolbarViewController.swift */,
				AA0000350000000000000001 /* SplitPaneViewController.swift */,
				AA0000510000000000000001 /* SettingsSplitPaneViewController.swift */,
				AA0000360000000000000001 /* SettingsViewController.swift */,
				0375E31551A39394DACA077C /* SettingsUserDefaultsKeys.swift */,
				A396B5CC11AE1AF9E5DF55E1 /* SettingsTypes.swift */,
				F9410711140846533B4EE97F /* PendingSettings.swift */,
				4B1FADE6425CA28DEED521D3 /* NSColor+CustomAccentColor.swift */,
				313C281B1524A427D6E39CD0 /* GeneralSettingsViewController.swift */,
				B091D0A463D4F89E7966E313 /* AppearanceSettingsViewController.swift */,
				3DF128936A56C674C582D9CD /* TabsSettingsViewController.swift */,
				E2E0F3CDA206AA06DDA73C6D /* ToolbarSettingsViewController.swift */,
				4CCF47DFCFAE193F05B95700 /* FileOperationsSettingsViewController.swift */,
				D7D3C8D1A946CD6030946240 /* GoMenuSettingsViewController.swift */,
				AF7A16206E1A5FEA62C81C3F /* TerminalSettingsViewController.swift */,
				92FD942D5BA469E7FE8943C0 /* PermissionsSettingsViewController.swift */,
				7C10E33E57143492B991CF25 /* AdvancedSettingsViewController.swift */,
				7A8FC82D42CB696945230302 /* SidebarSettingsViewController.swift */,
				A2944A48EC7991DC9E8BE7B3 /* ContextMenuSettingsViewController.swift */,
				AA0000390000000000000001 /* SettingsSidebarViewController.swift */,
				AA0000410000000000000001 /* SettingsWindowController.swift */,
				AA0000450000000000000001 /* SettingsSidebarCellView.swift */,
				AA0000140000000000000001 /* FileItem.swift */,
				AA0000430000000000000001 /* FileIconItem.swift */,
				AA0000470000000000000001 /* StatusBarViewController.swift */,
				AA0000160000000000000001 /* ColorManager.swift */,
				AA0000180000000000000001 /* FileSystemMonitor.swift */,
				FB1A2B3C4D5E6F708192A1B4 /* FileBrowserDataSource.swift */,
				F0B10C20D30E40F50A60B70C /* FileOperationsManager.swift */,
				NAV0001000200030004000500 /* NavigationManager.swift */,
				65E9B8A3D560CC7CD32E7587 /* PreviewPaneViewController.swift */,
				D25571C2C8395C0D079C08C7 /* PermissionsManager.swift */,
				9F1A2B3C4D5E6F708192A1B3 /* WindowTrafficLightManager.swift */,
				83A698595D0B4CF89651A85B /* StorageCategory.swift */,
				D68A94874EBC4DC39B2A3061 /* StorageItem.swift */,
				8696DE7131D34C0BAB016416 /* StorageAnalyzerEngine.swift */,
				1972F8A5DEE3441298641AFC /* StorageListViewController.swift */,
				5D1E7DCD9FE14FF7B5FDA8E9 /* StorageSummaryViewController.swift */,
				A06050E7A60B4D73BE112E7F /* StorageScopeSelectionViewController.swift */,
				2EE3071256D14F848904E873 /* StorageProgressViewController.swift */,
				D3664633C5874840B264CBF1 /* StorageAnalyzerWindowController.swift */,
				B2C5E8F93A4D4761B9E72C40 /* StorageAnalyzerTabViewController.swift */,
				67FC3670FEF34117B1EA37F4 /* StartDesignSystem.swift */,
				C2CA98F441BC469AA6AC8B30 /* StartWidgetView.swift */,
				9CA5260DDE46454E997823C4 /* WelcomeWidgetView.swift */,
				1FBDDCAF9FC944D889F88AB7 /* FavoritesWidgetView.swift */,
				3CC9FC164EB649DC8E794014 /* QuickActionsWidgetView.swift */,
				B1FFE03C491D474790704210 /* GettingStartedWidgetView.swift */,
				ABBBCC2BFE824B9CB573D557 /* StorageOverviewWidgetView.swift */,
				1F74C22C3ADD41E2A27FBABA /* ContextualPermissionManager.swift */,
				C8597653ABC94615B0186203 /* StartViewController.swift */,
				0330B936510D968B8821EE52 /* StorageSettingsViewController.swift */,
				08B971B3759F927A8101D61E /* AccentColorControls.swift */,
				AF0B1C2D3E4F567890123456 /* Atomic.swift */,
				AF0B1C2D3E4F567890123458 /* NSImage+Grayscale.swift */,
				AF0B1C2D3E4F567890123460 /* NSImage+Symbols.swift */,
				533E45BA233E6BBAE045936E /* Logging.swift */,
				DB1234567890ABCDEFFEDCBA /* FileBrowserSelectionManager.swift */,
				DC1234567890ABCDEFFEDCBA /* SettingsStore.swift */,
				536E7006B83B9250EEBC9F98 /* L10n.swift */,
				9128C20CD205ABF8E7FD423E /* FileBrowserActionHelper.swift */,
				1DAEC933609FB68D93999CF3 /* FileBrowserDialogHelper.swift */,
				A0A3B5F73CDC52C8FE3F338F /* FileBrowserContextMenuProvider.swift */,
				6110C5F50B85CF313E260BD2 /* FileBrowserPreviewPaneCoordinator.swift */,
				57665B5821DB2A7B19E630F6 /* FileBrowserViewModeCoordinator.swift */,
				A05903544F0D31564E1CA1F8 /* FileBrowserZoomCoordinator.swift */,
				DF96240872576DF225D9F467 /* FileBrowserFilterCoordinator.swift */,
				1F46AEEDB309A87AEB40CEBE /* FileBrowserNavigationCoordinator.swift */,
				FF2910B7DB83FCFDA7B22D6B /* FileBrowserSelectionCoordinator.swift */,
				TERM0002000000000000001A /* TerminalVisibilityCoordinator.swift */,
				DISP0002000000000000001A /* FileBrowserDisplayController.swift */,
				USET0002000000000000001A /* FileBrowserUISetupController.swift */,
				CD773D7538AD3464BF8857A1 /* AppConfig.swift */,
				CD25000CB3988F34F6C2DB32 /* SettingsStoreProtocol.swift */,
				37016D72CD8E53ED39337E9B /* KeychainStore.swift */,
				1C7B9208F6406E999DE8AF15 /* FileBrowserViewController+NavigationCoordinator.swift */,
				8A5505188B08D8F3F27C23A0 /* FileBrowserViewController+SelectionCoordinator.swift */,
				0178878CFF509ED4D5E67486 /* FileBrowserViewController+FileOperations.swift */,
				B2ED3BB0F2CB38E1F542348E /* FileBrowserViewController+Toolbar.swift */,
				4ECCD8AED13C7753EF4D2613 /* FileBrowserDragDropHandler.swift */,
				EAC66049370B0803F21D93D6 /* FileBrowserViewController+ContextMenuShim.swift */,
				49269EEC959CEBC6D857DB66 /* FileSystemHelpers.swift */,
				C037F8CDCD304468C6C897E3 /* SettingsStoreGroups.swift */,
				4F5F16F04A2BB42D6771DDDB /* FavoritesViewController.swift */,
				579C32F7352220211901196E /* FileBrowserStatusBarManager.swift */,
				DF74C4AB5380E3F0C2B1D449 /* BrowserFactory.swift */,
				F4A1271B67D753466BF6A75A /* FolderOutlineViewController.swift */,
				422FE47EB2DDBD42298F2F21 /* LocationsViewController.swift */,
				D53E3D5DC64E68CEB8DFC237 /* PreviewHandler.swift */,
				5906E3EA4D59597ACA735CCB /* PreviewHandlers.swift */,
				8690B54BDD6E20E612FF536C /* SidebarSupport.swift */,
				1398E63F539453FA294B5877 /* BannerNotificationManager.swift */,
				F10C67119FFA854FFDD15227 /* FileBrowserCollectionCoordinator.swift */,
				197409667C10BD1AE914F819 /* FileBrowserColumnCoordinator.swift */,
				BA73C3EC828F89EAB183DB90 /* FileBrowserDragDropCoordinator.swift */,
				F1BABEAB45538AC5CA749C92 /* FileBrowserInteractionCoordinator.swift */,
				AE0569955DDF6C54A9D3A3B3 /* FileBrowserOutlineCoordinator.swift */,
				4A238D08CA21829F4316AD59 /* FileBrowserQuickLookCoordinator.swift */,
				7FC10CFA25736C1BBB853673 /* FileBrowserStatusBarCoordinator.swift */,
				76D8EBAF5FC387ECDD0511DA /* FileBrowserViewController+CoordinatorDelegates.swift */,
				CD6B737170425A3A6175D91A /* FileBrowserGestureHandler.swift */,
				FEEEE432A44A5514DCDF043F /* FileBrowserKeyboardHandler.swift */,
				9369570556C1EF2AB9C150DB /* URLValidation.swift */,
				33D2DC3BF776FDDF0DB0D2C4 /* FileBrowserStateHandler.swift */,
				0C08084D0711B04C4A193557 /* FileBrowserActionHandler.swift */,
			);
			path = Sources;
			sourceTree = "<group>";
		};
		AA0000280000000000000001 /* Resources */ = {
			isa = PBXGroup;
			children = (
				AA0000200000000000000001 /* Assets.xcassets */,
				AA0000220000000000000001 /* MainMenu.xib */,
				TERMRC02000000000000001 /* default-terminal.zshrc */,
				16F13AFA7D36527FAC1CEC06 /* Help */,
				3D612BCE865A633DAA120BBC /* en.lproj */,
			);
			path = Resources;
			sourceTree = "<group>";
		};
		AA0000290000000000000001 /* Supporting Files */ = {
			isa = PBXGroup;
			children = (
				AA0000230000000000000001 /* Info.plist */,
				AA0000240000000000000001 /* MacFileExplorer.entitlements */,
			);
			path = "Supporting Files";
			sourceTree = "<group>";
		};
		AA8888880000000000000001 = {
			isa = PBXGroup;
			children = (
				AA0000250000000000000001 /* MacFileExplorer */,
				AA0000260000000000000001 /* Products */,
			);
			sourceTree = "<group>";
		};
/* End PBXGroup section */

/* Begin PBXNativeTarget section */
		AA7777770000000000000001 /* MacFileExplorer */ = {
			isa = PBXNativeTarget;
			buildConfigurationList = AA6666660000000000000001 /* Build configuration list for PBXNativeTarget "MacFileExplorer" */;
			buildPhases = (
				AA5555550000000000000001 /* Sources */,
				AA9999990000000000000001 /* Frameworks */,
				AA4444440000000000000001 /* Resources */,
			);
			buildRules = (
			);
			dependencies = (
			);
			name = MacFileExplorer;
			productName = MacFileExplorer;
			productReference = AA0000000000000000000001 /* MacFileExplorer.app */;
			productType = "com.apple.product-type.application";
		};
/* End PBXNativeTarget section */

/* Begin PBXProject section */
		AA3333330000000000000001 /* Project object */ = {
			isa = PBXProject;
			attributes = {
				BuildIndependentTargetsInParallel = 1;
				LastSwiftUpdateCheck = 1500;
				LastUpgradeCheck = 1500;
				TargetAttributes = {
					AA7777770000000000000001 = {
						CreatedOnToolsVersion = 15.0;
					};
				};
			};
			buildConfigurationList = AA2222220000000000000001 /* Build configuration list for PBXProject "MacFileExplorer" */;
			compatibilityVersion = "Xcode 14.0";
			developmentRegion = en;
			hasScannedForEncodings = 0;
			knownRegions = (
				en,
				Base,
			);
			mainGroup = AA8888880000000000000001;
			productRefGroup = AA0000260000000000000001 /* Products */;
			projectDirPath = "";
			projectRoot = "";
			targets = (
				AA7777770000000000000001 /* MacFileExplorer */,
			);
		};
/* End PBXProject section */

/* Begin PBXResourcesBuildPhase section */
		AA4444440000000000000001 /* Resources */ = {
			isa = PBXResourcesBuildPhase;
			buildActionMask = 2147483647;
			files = (
				AA0000190000000000000001 /* Assets.xcassets in Resources */,
				AA0000210000000000000001 /* MainMenu.xib in Resources */,
				TERMRC01000000000000001 /* default-terminal.zshrc in Resources */,
				922DA356552FC1D24A4C899D /* Help in Resources */,
				B463D291D24015C3949708E5 /* Localizable.strings in Resources */,
			);
			runOnlyForDeploymentPostprocessing = 0;
		};
/* End PBXResourcesBuildPhase section */

/* Begin PBXSourcesBuildPhase section */
		AA5555550000000000000001 /* Sources */ = {
			isa = PBXSourcesBuildPhase;
			buildActionMask = 2147483647;
			files = (
				AA0000010000000000000001 /* AppDelegate.swift in Sources */,
				C357D9E02ECA0ECB001BA891 /* AboutWindowController.swift in Sources */,
				AA0000030000000000000001 /* MainWindowController.swift in Sources */,
				AA0000050000000000000001 /* SplitViewController.swift in Sources */,
				AA0000070000000000000001 /* FileBrowserViewController.swift in Sources */,
				2295DF4DBB54CE0FD5104EB7 /* FileBrowserSupportTypes.swift in Sources */,
				AA0000750000000000000001 /* FilterPanelViewController.swift in Sources */,
				AA0000090000000000000001 /* TerminalViewController.swift in Sources */,
				AA0000110000000000000001 /* TabBarController.swift in Sources */,
				8A1B2C3D4E5F678901234567 /* TabButtonContainerView.swift in Sources */,
				AA0000300000000000000001 /* SidebarViewController.swift in Sources */,
				AA0000330000000000000001 /* ToolbarViewController.swift in Sources */,
				AA0000340000000000000001 /* SplitPaneViewController.swift in Sources */,
				AA0000500000000000000001 /* SettingsSplitPaneViewController.swift in Sources */,
				AA0000370000000000000001 /* SettingsViewController.swift in Sources */,
				01088225B45FC1AD5A3B122D /* SettingsUserDefaultsKeys.swift in Sources */,
				E351B29A6543AF26A693A062 /* SettingsTypes.swift in Sources */,
				633148A0C6271F6FEE429180 /* PendingSettings.swift in Sources */,
				731ADAEB562AE887A6B1E8B0 /* NSColor+CustomAccentColor.swift in Sources */,
				7EE451F51B6448D0A546B2CD /* GeneralSettingsViewController.swift in Sources */,
				D5133A27DB7842BC207F66A4 /* AppearanceSettingsViewController.swift in Sources */,
				1BBE8DF6482AE3D591360D4E /* TabsSettingsViewController.swift in Sources */,
				2EFFBF46D1B22A7C2EBD14CD /* ToolbarSettingsViewController.swift in Sources */,
				C1F9E903CEAAA0B87E7CDF13 /* FileOperationsSettingsViewController.swift in Sources */,
				6DC2FE305F52F910D0039BF1 /* GoMenuSettingsViewController.swift in Sources */,
				3661ED6F8CD6F220263FA52A /* TerminalSettingsViewController.swift in Sources */,
				23F991C675C406AB4E378D5A /* PermissionsSettingsViewController.swift in Sources */,
				119BB274982CF04409B900CB /* AdvancedSettingsViewController.swift in Sources */,
				226AF5AF76301E12125506A9 /* SidebarSettingsViewController.swift in Sources */,
				A367F4A23EE1A99C761EDE8E /* ContextMenuSettingsViewController.swift in Sources */,
				AA0000380000000000000001 /* SettingsSidebarViewController.swift in Sources */,
				AA0000400000000000000001 /* SettingsWindowController.swift in Sources */,
				AA0000440000000000000001 /* SettingsSidebarCellView.swift in Sources */,
				AA0000130000000000000001 /* FileItem.swift in Sources */,
				AA0000420000000000000001 /* FileIconItem.swift in Sources */,
				AA0000460000000000000001 /* StatusBarViewController.swift in Sources */,
				AA0000150000000000000001 /* ColorManager.swift in Sources */,
				AA0000170000000000000001 /* FileSystemMonitor.swift in Sources */,
				CCCBA794A1A1D994A87C8115 /* PreviewPaneViewController.swift in Sources */,
				C357D9E72ECA0EDF001BA891 /* NotificationNames.swift in Sources */,
				C357D9E82ECA0EDF001BA891 /* ProgressViewController.swift in Sources */,
				C357D9E92ECA0EDF001BA891 /* FileCopyMoveDialog.swift in Sources */,
				7EEDC1A3B4C54D2F9A123456 /* FreeFormCollectionViewLayout.swift in Sources */,
				C357D9EA2ECA0EDF001BA891 /* ViewOptionsViewController.swift in Sources */,
				C357D9EB2ECA0EDF001BA891 /* ViewOptions.swift in Sources */,
				C357D9EC2ECA0EDF001BA891 /* PreviewViewController.swift in Sources */,
				617E78C00A3B9EE92A79BE33 /* PermissionsManager.swift in Sources */,
				9F1A2B3C4D5E6F708192A1B2 /* WindowTrafficLightManager.swift in Sources */,
				C3E3E8DF3B3B49068B6DD9C8 /* StorageCategory.swift in Sources */,
				F9FFEF95DD2049FABE8B6569 /* StorageItem.swift in Sources */,
				0056E7AFE18B4995869092AB /* StorageAnalyzerEngine.swift in Sources */,
				37B7CDFD76504BA1873EF4EF /* StorageListViewController.swift in Sources */,
				0533A2FEA61D47DBBB812F52 /* StorageSummaryViewController.swift in Sources */,
				6A472FB704FA4AC7BD1C3BA4 /* StorageScopeSelectionViewController.swift in Sources */,
				745071C3419A40EA9CE70FBA /* StorageProgressViewController.swift in Sources */,
				17E66C936B874320BEA2DBA4 /* StorageAnalyzerWindowController.swift in Sources */,
				8F9A1D2E5C7B4E92A3F46B81 /* StorageAnalyzerTabViewController.swift in Sources */,
				D1F884BA491944349930279B /* StartDesignSystem.swift in Sources */,
				3C3D24F078A24A388C57F8B2 /* StartWidgetView.swift in Sources */,
				261194ABC26C4934B258E765 /* WelcomeWidgetView.swift in Sources */,
				6D7342074ECD4C96B27AE074 /* FavoritesWidgetView.swift in Sources */,
				05DB5601FE8A4A869A4E2DAE /* QuickActionsWidgetView.swift in Sources */,
				77F59CBBE25241F78535867F /* GettingStartedWidgetView.swift in Sources */,
				F2F1F3B120814DC8BD4B145A /* StorageOverviewWidgetView.swift in Sources */,
				D5ADEF7CBF5C46D6A5E89870 /* ContextualPermissionManager.swift in Sources */,
				75E502CAE4064D98B4DC278B /* StartViewController.swift in Sources */,
				E010E822F5B6962C1C72A271 /* StorageSettingsViewController.swift in Sources */,
				774DEAE20156EAD3D3E020FD /* AccentColorControls.swift in Sources */,
				AF0B1C2D3E4F567890123457 /* Atomic.swift in Sources */,
				AF0B1C2D3E4F567890123459 /* NSImage+Grayscale.swift in Sources */,
				AF0B1C2D3E4F567890123461 /* NSImage+Symbols.swift in Sources */,
				921129CF103EA5C95631022D /* Logging.swift in Sources */,
				9FFFEEEEDDCCBBAA99887766 /* FileBrowserSelectionManager.swift in Sources */,
				FB1A2B3C4D5E6F708192A1B5 /* FileBrowserDataSource.swift in Sources */,
				F0B10C20D30E40F50A60B70D /* FileOperationsManager.swift in Sources */,
				NAV0001000200030004000501 /* NavigationManager.swift in Sources */,
				HID0001000200030004000501 /* HiddenFilesVisibilityCoordinator.swift in Sources */,
				ARR0001000200030004000501 /* Array+Safe.swift in Sources */,
				9FFFEEEEDDCCBBAA99887767 /* SettingsStore.swift in Sources */,
				C4F1E8A3831726DD68683ABE /* L10n.swift in Sources */,
				6031BD53EF224E56A641B0B0 /* FileBrowserActionHelper.swift in Sources */,
				E8B6E57A8136E5E2406883DF /* FileBrowserDialogHelper.swift in Sources */,
				257C09727262ADA68B9E4CF6 /* FileBrowserContextMenuProvider.swift in Sources */,
				506B430CAE9F7E198C97F816 /* FileBrowserPreviewPaneCoordinator.swift in Sources */,
				AA54347397E1A84ECC9091C6 /* FileBrowserViewModeCoordinator.swift in Sources */,
				EFA8CDAAEF2E685A3DA0B208 /* FileBrowserZoomCoordinator.swift in Sources */,
				48AEEAF8A9128BB5AA25BBD4 /* FileBrowserFilterCoordinator.swift in Sources */,
				CBDEDEC686D96E5691A0455A /* FileBrowserNavigationCoordinator.swift in Sources */,
				91130CC2E27F90734BB97986 /* FileBrowserSelectionCoordinator.swift in Sources */,
				TERM0001000000000000001A /* TerminalVisibilityCoordinator.swift in Sources */,
				DISP0001000000000000001A /* FileBrowserDisplayController.swift in Sources */,
				USET0001000000000000001A /* FileBrowserUISetupController.swift in Sources */,
				6D8D80F0C9991F4A409135FB /* AppConfig.swift in Sources */,
				C4A6E222371DE7B849D2EA9A /* SettingsStoreProtocol.swift in Sources */,
				826BA14665778A8DA689673D /* KeychainStore.swift in Sources */,
				BA3148F27927A4CD8F8172BE /* FileBrowserViewController+NavigationCoordinator.swift in Sources */,
				38F6969BCD01FB2A180C3952 /* FileBrowserViewController+SelectionCoordinator.swift in Sources */,
				6992E55E368F7549A680630D /* FileBrowserViewController+FileOperations.swift in Sources */,
				FF86E3A1B6CE2AAA0B02587F /* FileBrowserViewController+Toolbar.swift in Sources */,
				705A63EB2E077C705A6F2ABB /* FileBrowserDragDropHandler.swift in Sources */,
				B2FC970F2EFFE9E57BFB995B /* FileBrowserViewController+ContextMenuShim.swift in Sources */,
				18D3389E48E88CAA67D21780 /* FileSystemHelpers.swift in Sources */,
				1A32872CC5AFF8F96B3E40AC /* SettingsStoreGroups.swift in Sources */,
				F7F8B9AF1DDC9B26C5EC7B75 /* FavoritesViewController.swift in Sources */,
				9589032C83B8164C735A5B36 /* FileBrowserStatusBarManager.swift in Sources */,
				6072924843837DC1AFFF8C8D /* BrowserFactory.swift in Sources */,
				7D7D4080C2F309C66C6A8C8F /* FolderOutlineViewController.swift in Sources */,
				65F6DB9049F678A8BF00BA24 /* LocationsViewController.swift in Sources */,
				BEAFD873B31E3ABADDD82181 /* PreviewHandler.swift in Sources */,
				1C753643235B7A45A0707439 /* PreviewHandlers.swift in Sources */,
				0DDF66BAFC0DE43688298BF8 /* SidebarSupport.swift in Sources */,
				62154B09D3568FBC12411DB5 /* BannerNotificationManager.swift in Sources */,
				5F8CFC2586FDF48B57D61FAA /* FileBrowserCollectionCoordinator.swift in Sources */,
				A94AB1E3927F36179A647387 /* FileBrowserColumnCoordinator.swift in Sources */,
				5A34E4B60187489F559D3692 /* FileBrowserDragDropCoordinator.swift in Sources */,
				65A6AAB6FF6B4C705C9D5134 /* FileBrowserInteractionCoordinator.swift in Sources */,
				BA4A84D968741E01649CACEB /* FileBrowserOutlineCoordinator.swift in Sources */,
				125A6BB5684CD548ECBE83C5 /* FileBrowserQuickLookCoordinator.swift in Sources */,
				7A393BC73F3EBD789CD10400 /* FileBrowserStatusBarCoordinator.swift in Sources */,
				63C060A9F39281809118AA22 /* FileBrowserViewController+CoordinatorDelegates.swift in Sources */,
				61B6DC462D0767EA0F95884A /* FileBrowserGestureHandler.swift in Sources */,
				5742F43F233C91EF8BBC5D5F /* FileBrowserKeyboardHandler.swift in Sources */,
				04290E0E685F8FB6EB5491E2 /* URLValidation.swift in Sources */,
				CA8A864612DDF0D2C3A1088A /* FileBrowserStateHandler.swift in Sources */,
				756E816CA38B2EE3F1B13E6E /* FileBrowserActionHandler.swift in Sources */,
			);
			runOnlyForDeploymentPostprocessing = 0;
		};
/* End PBXSourcesBuildPhase section */

/* Begin XCBuildConfiguration section */
		AA1111110000000000000001 /* Debug */ = {
			isa = XCBuildConfiguration;
			buildSettings = {
				ALWAYS_SEARCH_USER_PATHS = NO;
				ASSETCATALOG_COMPILER_APPICON_NAME = AppIcon;
				CLANG_ANALYZER_NONNULL = YES;
				CLANG_ANALYZER_NUMBER_OBJECT_CONVERSION = YES_AGGRESSIVE;
				CLANG_CXX_LANGUAGE_STANDARD = "gnu++20";
				CLANG_ENABLE_MODULES = YES;
				CLANG_ENABLE_OBJC_ARC = YES;
				CLANG_ENABLE_OBJC_WEAK = YES;
				CLANG_WARN_BLOCK_CAPTURE_AUTORELEASING = YES;
				CLANG_WARN_BOOL_CONVERSION = YES;
				CLANG_WARN_COMMA = YES;
				CLANG_WARN_CONSTANT_CONVERSION = YES;
				CLANG_WARN_DEPRECATED_OBJC_IMPLEMENTATIONS = YES;
				CLANG_WARN_DIRECT_OBJC_ISA_USAGE = YES_ERROR;
				CLANG_WARN_DOCUMENTATION_COMMENTS = YES;
				CLANG_WARN_EMPTY_BODY = YES;
				CLANG_WARN_ENUM_CONVERSION = YES;
				CLANG_WARN_INFINITE_RECURSION = YES;
				CLANG_WARN_INT_CONVERSION = YES;
				CLANG_WARN_NON_LITERAL_NULL_CONVERSION = YES;
				CLANG_WARN_OBJC_IMPLICIT_RETAIN_SELF = YES;
				CLANG_WARN_OBJC_LITERAL_CONVERSION = YES;
				CLANG_WARN_OBJC_ROOT_CLASS = YES_ERROR;
				CLANG_WARN_QUOTED_INCLUDE_IN_FRAMEWORK_HEADER = YES;
				CLANG_WARN_RANGE_LOOP_ANALYSIS = YES;
				CLANG_WARN_STRICT_PROTOTYPES = YES;
				CLANG_WARN_SUSPICIOUS_MOVE = YES;
				CLANG_WARN_UNGUARDED_AVAILABILITY = YES_AGGRESSIVE;
				CLANG_WARN_UNREACHABLE_CODE = YES;
				CLANG_WARN__DUPLICATE_METHOD_MATCH = YES;
				COPY_PHASE_STRIP = NO;
				DEBUG_INFORMATION_FORMAT = dwarf;
				ENABLE_STRICT_OBJC_MSGSEND = YES;
				ENABLE_TESTABILITY = YES;
				GCC_C_LANGUAGE_STANDARD = gnu11;
				GCC_DYNAMIC_NO_PIC = NO;
				GCC_NO_COMMON_BLOCKS = YES;
				GCC_OPTIMIZATION_LEVEL = 0;
				GCC_PREPROCESSOR_DEFINITIONS = (
					"DEBUG=1",
					"$(inherited)",
				);
				GCC_WARN_64_TO_32_BIT_CONVERSION = YES;
				GCC_WARN_ABOUT_RETURN_TYPE = YES_ERROR;
				GCC_WARN_UNDECLARED_SELECTOR = YES;
				GCC_WARN_UNINITIALIZED_AUTOS = YES_AGGRESSIVE;
				GCC_WARN_UNUSED_FUNCTION = YES;
				GCC_WARN_UNUSED_VARIABLE = YES;
				MACOSX_DEPLOYMENT_TARGET = 11.0;
				MTL_ENABLE_DEBUG_INFO = INCLUDE_SOURCE;
				MTL_FAST_MATH = YES;
				ONLY_ACTIVE_ARCH = YES;
				SDKROOT = macosx;
				SWIFT_ACTIVE_COMPILATION_CONDITIONS = DEBUG;
				SWIFT_OPTIMIZATION_LEVEL = "-Onone";
			};
			name = Debug;
		};
		AA1111120000000000000001 /* Release */ = {
			isa = XCBuildConfiguration;
			buildSettings = {
				ALWAYS_SEARCH_USER_PATHS = NO;
				ASSETCATALOG_COMPILER_APPICON_NAME = AppIcon;
				CLANG_ANALYZER_NONNULL = YES;
				CLANG_ANALYZER_NUMBER_OBJECT_CONVERSION = YES_AGGRESSIVE;
				CLANG_CXX_LANGUAGE_STANDARD = "gnu++20";
				CLANG_ENABLE_MODULES = YES;
				CLANG_ENABLE_OBJC_ARC = YES;
				CLANG_ENABLE_OBJC_WEAK = YES;
				CLANG_WARN_BLOCK_CAPTURE_AUTORELEASING = YES;
				CLANG_WARN_BOOL_CONVERSION = YES;
				CLANG_WARN_COMMA = YES;
				CLANG_WARN_CONSTANT_CONVERSION = YES;
				CLANG_WARN_DEPRECATED_OBJC_IMPLEMENTATIONS = YES;
				CLANG_WARN_DIRECT_OBJC_ISA_USAGE = YES_ERROR;
				CLANG_WARN_DOCUMENTATION_COMMENTS = YES;
				CLANG_WARN_EMPTY_BODY = YES;
				CLANG_WARN_ENUM_CONVERSION = YES;
				CLANG_WARN_INFINITE_RECURSION = YES;
				CLANG_WARN_INT_CONVERSION = YES;
				CLANG_WARN_NON_LITERAL_NULL_CONVERSION = YES;
				CLANG_WARN_OBJC_IMPLICIT_RETAIN_SELF = YES;
				CLANG_WARN_OBJC_LITERAL_CONVERSION = YES;
				CLANG_WARN_OBJC_ROOT_CLASS = YES_ERROR;
				CLANG_WARN_QUOTED_INCLUDE_IN_FRAMEWORK_HEADER = YES;
				CLANG_WARN_RANGE_LOOP_ANALYSIS = YES;
				CLANG_WARN_STRICT_PROTOTYPES = YES;
				CLANG_WARN_SUSPICIOUS_MOVE = YES;
				CLANG_WARN_UNGUARDED_AVAILABILITY = YES_AGGRESSIVE;
				CLANG_WARN_UNREACHABLE_CODE = YES;
				CLANG_WARN__DUPLICATE_METHOD_MATCH = YES;
				COPY_PHASE_STRIP = NO;
				DEBUG_INFORMATION_FORMAT = "dwarf-with-dsym";
				ENABLE_NS_ASSERTIONS = NO;
				ENABLE_STRICT_OBJC_MSGSEND = YES;
				GCC_C_LANGUAGE_STANDARD = gnu11;
				GCC_NO_COMMON_BLOCKS = YES;
				GCC_WARN_64_TO_32_BIT_CONVERSION = YES;
				GCC_WARN_ABOUT_RETURN_TYPE = YES_ERROR;
				GCC_WARN_UNDECLARED_SELECTOR = YES;
				GCC_WARN_UNINITIALIZED_AUTOS = YES_AGGRESSIVE;
				GCC_WARN_UNUSED_FUNCTION = YES;
				GCC_WARN_UNUSED_VARIABLE = YES;
				MACOSX_DEPLOYMENT_TARGET = 11.0;
				MTL_ENABLE_DEBUG_INFO = NO;
				MTL_FAST_MATH = YES;
				SDKROOT = macosx;
				SWIFT_COMPILATION_MODE = wholemodule;
				SWIFT_OPTIMIZATION_LEVEL = "-O";
			};
			name = Release;
		};
		AA1111130000000000000001 /* Debug */ = {
			isa = XCBuildConfiguration;
			buildSettings = {
				ASSETCATALOG_COMPILER_APPICON_NAME = AppIcon;
				CODE_SIGN_ENTITLEMENTS = "MacFileExplorer/Supporting Files/MacFileExplorer.entitlements";
				CODE_SIGN_STYLE = Automatic;
				COMBINE_HIDPI_IMAGES = YES;
				CURRENT_PROJECT_VERSION = 1;
				DEVELOPMENT_TEAM = "";
				ENABLE_HARDENED_RUNTIME = YES;
				GENERATE_INFOPLIST_FILE = NO;
				INFOPLIST_FILE = "MacFileExplorer/Supporting Files/Info.plist";
				INFOPLIST_KEY_NSHumanReadableCopyright = "";
				INFOPLIST_KEY_NSMainNibFile = MainMenu;
				INFOPLIST_KEY_NSPrincipalClass = NSApplication;
				LD_RUNPATH_SEARCH_PATHS = (
					"$(inherited)",
					"@executable_path/../Frameworks",
				);
				MARKETING_VERSION = 1.0;
				PRODUCT_BUNDLE_IDENTIFIER = com.macfileexplorer.app;
				PRODUCT_NAME = "$(TARGET_NAME)";
				SWIFT_EMIT_LOC_STRINGS = YES;
				SWIFT_VERSION = 5.0;
			};
			name = Debug;
		};
		AA1111140000000000000001 /* Release */ = {
			isa = XCBuildConfiguration;
			buildSettings = {
				ASSETCATALOG_COMPILER_APPICON_NAME = AppIcon;
				CODE_SIGN_ENTITLEMENTS = "MacFileExplorer/Supporting Files/MacFileExplorer.entitlements";
				CODE_SIGN_STYLE = Automatic;
				COMBINE_HIDPI_IMAGES = YES;
				CURRENT_PROJECT_VERSION = 1;
				DEVELOPMENT_TEAM = "";
				ENABLE_HARDENED_RUNTIME = YES;
				GENERATE_INFOPLIST_FILE = NO;
				INFOPLIST_FILE = "MacFileExplorer/Supporting Files/Info.plist";
				INFOPLIST_KEY_NSHumanReadableCopyright = "";
				INFOPLIST_KEY_NSMainNibFile = MainMenu;
				INFOPLIST_KEY_NSPrincipalClass = NSApplication;
				LD_RUNPATH_SEARCH_PATHS = (
					"$(inherited)",
					"@executable_path/../Frameworks",
				);
				MARKETING_VERSION = 1.0;
				PRODUCT_BUNDLE_IDENTIFIER = com.macfileexplorer.app;
				PRODUCT_NAME = "$(TARGET_NAME)";
				SWIFT_EMIT_LOC_STRINGS = YES;
				SWIFT_VERSION = 5.0;
			};
			name = Release;
		};
/* End XCBuildConfiguration section */

/* Begin XCConfigurationList section */
		AA2222220000000000000001 /* Build configuration list for PBXProject "MacFileExplorer" */ = {
			isa = XCConfigurationList;
			buildConfigurations = (
				AA1111110000000000000001 /* Debug */,
				AA1111120000000000000001 /* Release */,
			);
			defaultConfigurationIsVisible = 0;
			defaultConfigurationName = Release;
		};
		AA6666660000000000000001 /* Build configuration list for PBXNativeTarget "MacFileExplorer" */ = {
			isa = XCConfigurationList;
			buildConfigurations = (
				AA1111130000000000000001 /* Debug */,
				AA1111140000000000000001 /* Release */,
			);
			defaultConfigurationIsVisible = 0;
			defaultConfigurationName = Release;
		};
/* End XCConfigurationList section */
	};
	rootObject = AA3333330000000000000001 /* Project object */;
}
