// !$*UTF8*$!
{
	archiveVersion = 1;
	classes = {
	};
	objectVersion = 56;
	objects = {

/* Begin PBXBuildFile section */
		0056E7AFE18B4995869092AB /* StorageAnalyzerEngine.swift in Sources */ = {isa = PBXBuildFile; fileRef = 8696DE7131D34C0BAB016416 /* StorageAnalyzerEngine.swift */; };
		0094940B44A33FE5FE8F492B /* FileBrowserContextMenuProvider.swift in Sources */ = {isa = PBXBuildFile; fileRef = F5BD891DAC173822323876CF /* FileBrowserContextMenuProvider.swift */; };
		01088225B45FC1AD5A3B122D /* SettingsUserDefaultsKeys.swift in Sources */ = {isa = PBXBuildFile; fileRef = 0375E31551A39394DACA077C /* SettingsUserDefaultsKeys.swift */; };
		0533A2FEA61D47DBBB812F52 /* StorageSummaryViewController.swift in Sources */ = {isa = PBXBuildFile; fileRef = 5D1E7DCD9FE14FF7B5FDA8E9 /* StorageSummaryViewController.swift */; };
		05DB5601FE8A4A869A4E2DAE /* QuickActionsWidgetView.swift in Sources */ = {isa = PBXBuildFile; fileRef = 3CC9FC164EB649DC8E794014 /* QuickActionsWidgetView.swift */; };
		119BB274982CF04409B900CB /* AdvancedSettingsViewController.swift in Sources */ = {isa = PBXBuildFile; fileRef = 7C10E33E57143492B991CF25 /* AdvancedSettingsViewController.swift */; };
		17E66C936B874320BEA2DBA4 /* StorageAnalyzerWindowController.swift in Sources */ = {isa = PBXBuildFile; fileRef = D3664633C5874840B264CBF1 /* StorageAnalyzerWindowController.swift */; };
		1BBE8DF6482AE3D591360D4E /* TabsSettingsViewController.swift in Sources */ = {isa = PBXBuildFile; fileRef = 3DF128936A56C674C582D9CD /* TabsSettingsViewController.swift */; };
		226AF5AF76301E12125506A9 /* SidebarSettingsViewController.swift in Sources */ = {isa = PBXBuildFile; fileRef = 7A8FC82D42CB696945230302 /* SidebarSettingsViewController.swift */; };
		2295DF4DBB54CE0FD5104EB7 /* FileBrowserSupportTypes.swift in Sources */ = {isa = PBXBuildFile; fileRef = 64389EBA797C775B59AFC1BB /* FileBrowserSupportTypes.swift */; };
		23F991C675C406AB4E378D5A /* PermissionsSettingsViewController.swift in Sources */ = {isa = PBXBuildFile; fileRef = 92FD942D5BA469E7FE8943C0 /* PermissionsSettingsViewController.swift */; };
		261194ABC26C4934B258E765 /* WelcomeWidgetView.swift in Sources */ = {isa = PBXBuildFile; fileRef = 9CA5260DDE46454E997823C4 /* WelcomeWidgetView.swift */; };
		2919B2CE73309D677CAFB2F0 /* FileBrowserPreviewPaneCoordinator.swift in Sources */ = {isa = PBXBuildFile; fileRef = 57392EF27723AFDC6E1C1E82 /* FileBrowserPreviewPaneCoordinator.swift */; };
		2B75D93462FB0E62CA549883 /* FileBrowserZoomCoordinator.swift in Sources */ = {isa = PBXBuildFile; fileRef = B097C7B807AE09ABBF548523 /* FileBrowserZoomCoordinator.swift */; };
		2EFFBF46D1B22A7C2EBD14CD /* ToolbarSettingsViewController.swift in Sources */ = {isa = PBXBuildFile; fileRef = E2E0F3CDA206AA06DDA73C6D /* ToolbarSettingsViewController.swift */; };
		3661ED6F8CD6F220263FA52A /* TerminalSettingsViewController.swift in Sources */ = {isa = PBXBuildFile; fileRef = AF7A16206E1A5FEA62C81C3F /* TerminalSettingsViewController.swift */; };
		37B7CDFD76504BA1873EF4EF /* StorageListViewController.swift in Sources */ = {isa = PBXBuildFile; fileRef = 1972F8A5DEE3441298641AFC /* StorageListViewController.swift */; };
		3C3D24F078A24A388C57F8B2 /* StartWidgetView.swift in Sources */ = {isa = PBXBuildFile; fileRef = C2CA98F441BC469AA6AC8B30 /* StartWidgetView.swift */; };
		6031BD53EF224E56A641B0B0 /* FileBrowserActionHelper.swift in Sources */ = {isa = PBXBuildFile; fileRef = 9128C20CD205ABF8E7FD423E /* FileBrowserActionHelper.swift */; };
		617E78C00A3B9EE92A79BE33 /* PermissionsManager.swift in Sources */ = {isa = PBXBuildFile; fileRef = D25571C2C8395C0D079C08C7 /* PermissionsManager.swift */; };
		633148A0C6271F6FEE429180 /* PendingSettings.swift in Sources */ = {isa = PBXBuildFile; fileRef = F9410711140846533B4EE97F /* PendingSettings.swift */; };
		6A472FB704FA4AC7BD1C3BA4 /* StorageScopeSelectionViewController.swift in Sources */ = {isa = PBXBuildFile; fileRef = A06050E7A60B4D73BE112E7F /* StorageScopeSelectionViewController.swift */; };
		6D7342074ECD4C96B27AE074 /* FavoritesWidgetView.swift in Sources */ = {isa = PBXBuildFile; fileRef = 1FBDDCAF9FC944D889F88AB7 /* FavoritesWidgetView.swift */; };
		6DC2FE305F52F910D0039BF1 /* GoMenuSettingsViewController.swift in Sources */ = {isa = PBXBuildFile; fileRef = D7D3C8D1A946CD6030946240 /* GoMenuSettingsViewController.swift */; };
		731ADAEB562AE887A6B1E8B0 /* NSColor+CustomAccentColor.swift in Sources */ = {isa = PBXBuildFile; fileRef = 4B1FADE6425CA28DEED521D3 /* NSColor+CustomAccentColor.swift */; };
		745071C3419A40EA9CE70FBA /* StorageProgressViewController.swift in Sources */ = {isa = PBXBuildFile; fileRef = 2EE3071256D14F848904E873 /* StorageProgressViewController.swift */; };
		75E502CAE4064D98B4DC278B /* StartViewController.swift in Sources */ = {isa = PBXBuildFile; fileRef = C8597653ABC94615B0186203 /* StartViewController.swift */; };
		774DEAE20156EAD3D3E020FD /* AccentColorControls.swift in Sources */ = {isa = PBXBuildFile; fileRef = 08B971B3759F927A8101D61E /* AccentColorControls.swift */; };
		77F59CBBE25241F78535867F /* GettingStartedWidgetView.swift in Sources */ = {isa = PBXBuildFile; fileRef = B1FFE03C491D474790704210 /* GettingStartedWidgetView.swift */; };
		7EE451F51B6448D0A546B2CD /* GeneralSettingsViewController.swift in Sources */ = {isa = PBXBuildFile; fileRef = 313C281B1524A427D6E39CD0 /* GeneralSettingsViewController.swift */; };
		7EEDC1A3B4C54D2F9A123456 /* FreeFormCollectionViewLayout.swift in Sources */ = {isa = PBXBuildFile; fileRef = 7EEDC1A3B4C54D2F9A123457 /* FreeFormCollectionViewLayout.swift */; };
		8790817EAC845A58BA1ED310 /* FileBrowserFilterCoordinator.swift in Sources */ = {isa = PBXBuildFile; fileRef = FDA2EA03BEC350732550C9A3 /* FileBrowserFilterCoordinator.swift */; };
		8A1B2C3D4E5F678901234567 /* TabButtonContainerView.swift in Sources */ = {isa = PBXBuildFile; fileRef = 8A1B2C3D4E5F678901234568 /* TabButtonContainerView.swift */; };
		8F9A1D2E5C7B4E92A3F46B81 /* StorageAnalyzerTabViewController.swift in Sources */ = {isa = PBXBuildFile; fileRef = B2C5E8F93A4D4761B9E72C40 /* StorageAnalyzerTabViewController.swift */; };
		921129CF103EA5C95631022D /* Logging.swift in Sources */ = {isa = PBXBuildFile; fileRef = 533E45BA233E6BBAE045936E /* Logging.swift */; };
		922DA356552FC1D24A4C899D /* Help in Resources */ = {isa = PBXBuildFile; fileRef = 16F13AFA7D36527FAC1CEC06 /* Help */; };
		95C1AE9C55FDA748A8657093 /* FileBrowserViewController+Columns.swift in Sources */ = {isa = PBXBuildFile; fileRef = 972207DF39678B36C030424E /* FileBrowserViewController+Columns.swift */; };
		9F1A2B3C4D5E6F708192A1B2 /* WindowTrafficLightManager.swift in Sources */ = {isa = PBXBuildFile; fileRef = 9F1A2B3C4D5E6F708192A1B3 /* WindowTrafficLightManager.swift */; };
		9FFFEEEEDDCCBBAA99887766 /* FileBrowserSelectionManager.swift in Sources */ = {isa = PBXBuildFile; fileRef = DB1234567890ABCDEFFEDCBA /* FileBrowserSelectionManager.swift */; };
		9FFFEEEEDDCCBBAA99887767 /* SettingsStore.swift in Sources */ = {isa = PBXBuildFile; fileRef = DC1234567890ABCDEFFEDCBA /* SettingsStore.swift */; };
		A367F4A23EE1A99C761EDE8E /* ContextMenuSettingsViewController.swift in Sources */ = {isa = PBXBuildFile; fileRef = A2944A48EC7991DC9E8BE7B3 /* ContextMenuSettingsViewController.swift */; };
		AA0000010000000000000001 /* AppDelegate.swift in Sources */ = {isa = PBXBuildFile; fileRef = AA0000020000000000000001 /* AppDelegate.swift */; };
		AA0000030000000000000001 /* MainWindowController.swift in Sources */ = {isa = PBXBuildFile; fileRef = AA0000040000000000000001 /* MainWindowController.swift */; };
		AA0000050000000000000001 /* SplitViewController.swift in Sources */ = {isa = PBXBuildFile; fileRef = AA0000060000000000000001 /* SplitViewController.swift */; };
		AA0000070000000000000001 /* FileBrowserViewController.swift in Sources */ = {isa = PBXBuildFile; fileRef = AA0000080000000000000001 /* FileBrowserViewController.swift */; };
		AA0000090000000000000001 /* TerminalViewController.swift in Sources */ = {isa = PBXBuildFile; fileRef = AA0000100000000000000001 /* TerminalViewController.swift */; };
		AA0000110000000000000001 /* TabBarController.swift in Sources */ = {isa = PBXBuildFile; fileRef = AA0000120000000000000001 /* TabBarController.swift */; };
		AA0000130000000000000001 /* FileItem.swift in Sources */ = {isa = PBXBuildFile; fileRef = AA0000140000000000000001 /* FileItem.swift */; };
		AA0000150000000000000001 /* ColorManager.swift in Sources */ = {isa = PBXBuildFile; fileRef = AA0000160000000000000001 /* ColorManager.swift */; };
		AA0000170000000000000001 /* FileSystemMonitor.swift in Sources */ = {isa = PBXBuildFile; fileRef = AA0000180000000000000001 /* FileSystemMonitor.swift */; };
		AA0000190000000000000001 /* Assets.xcassets in Resources */ = {isa = PBXBuildFile; fileRef = AA0000200000000000000001 /* Assets.xcassets */; };
		AA0000210000000000000001 /* MainMenu.xib in Resources */ = {isa = PBXBuildFile; fileRef = AA0000220000000000000001 /* MainMenu.xib */; };
		AA0000300000000000000001 /* SidebarViewController.swift in Sources */ = {isa = PBXBuildFile; fileRef = AA0000310000000000000001 /* SidebarViewController.swift */; };
		AA0000330000000000000001 /* ToolbarViewController.swift in Sources */ = {isa = PBXBuildFile; fileRef = AA0000320000000000000001 /* ToolbarViewController.swift */; };
		AA0000340000000000000001 /* SplitPaneViewController.swift in Sources */ = {isa = PBXBuildFile; fileRef = AA0000350000000000000001 /* SplitPaneViewController.swift */; };
		AA0000370000000000000001 /* SettingsViewController.swift in Sources */ = {isa = PBXBuildFile; fileRef = AA0000360000000000000001 /* SettingsViewController.swift */; };
		AA0000380000000000000001 /* SettingsSidebarViewController.swift in Sources */ = {isa = PBXBuildFile; fileRef = AA0000390000000000000001 /* SettingsSidebarViewController.swift */; };
		AA0000400000000000000001 /* SettingsWindowController.swift in Sources */ = {isa = PBXBuildFile; fileRef = AA0000410000000000000001 /* SettingsWindowController.swift */; };
		AA0000420000000000000001 /* FileIconItem.swift in Sources */ = {isa = PBXBuildFile; fileRef = AA0000430000000000000001 /* FileIconItem.swift */; };
		AA0000440000000000000001 /* SettingsSidebarCellView.swift in Sources */ = {isa = PBXBuildFile; fileRef = AA0000450000000000000001 /* SettingsSidebarCellView.swift */; };
		AA0000460000000000000001 /* StatusBarViewController.swift in Sources */ = {isa = PBXBuildFile; fileRef = AA0000470000000000000001 /* StatusBarViewController.swift */; };
		AA0000500000000000000001 /* SettingsSplitPaneViewController.swift in Sources */ = {isa = PBXBuildFile; fileRef = AA0000510000000000000001 /* SettingsSplitPaneViewController.swift */; };
		AA0000750000000000000001 /* FilterPanelViewController.swift in Sources */ = {isa = PBXBuildFile; fileRef = AA0000760000000000000001 /* FilterPanelViewController.swift */; };
		AACA7BD52B81536725519668 /* FileBrowserViewController+Collection.swift in Sources */ = {isa = PBXBuildFile; fileRef = 7059AB63FC0A8FFE8457DD23 /* FileBrowserViewController+Collection.swift */; };
		AF0B1C2D3E4F567890123457 /* Atomic.swift in Sources */ = {isa = PBXBuildFile; fileRef = AF0B1C2D3E4F567890123456 /* Atomic.swift */; };
		AF0B1C2D3E4F567890123459 /* NSImage+Grayscale.swift in Sources */ = {isa = PBXBuildFile; fileRef = AF0B1C2D3E4F567890123458 /* NSImage+Grayscale.swift */; };
		B456E33B145DA24A6D1A1CF6 /* FileBrowserViewController+Outline.swift in Sources */ = {isa = PBXBuildFile; fileRef = B2717543BED9FDD152C6B430 /* FileBrowserViewController+Outline.swift */; };
		B463D291D24015C3949708E5 /* Localizable.strings in Resources */ = {isa = PBXBuildFile; fileRef = 4F42A041AC2EE71E4CDDECBC /* Localizable.strings */; };
		C1F9E903CEAAA0B87E7CDF13 /* FileOperationsSettingsViewController.swift in Sources */ = {isa = PBXBuildFile; fileRef = 4CCF47DFCFAE193F05B95700 /* FileOperationsSettingsViewController.swift */; };
		C357D9E02ECA0ECB001BA891 /* AboutWindowController.swift in Sources */ = {isa = PBXBuildFile; fileRef = C357D9DF2ECA0ECB001BA891 /* AboutWindowController.swift */; };
		C357D9E72ECA0EDF001BA891 /* NotificationNames.swift in Sources */ = {isa = PBXBuildFile; fileRef = C357D9E22ECA0EDF001BA891 /* NotificationNames.swift */; };
		C357D9E82ECA0EDF001BA891 /* ProgressViewController.swift in Sources */ = {isa = PBXBuildFile; fileRef = C357D9E42ECA0EDF001BA891 /* ProgressViewController.swift */; };
		C357D9E92ECA0EDF001BA891 /* FileCopyMoveDialog.swift in Sources */ = {isa = PBXBuildFile; fileRef = C357D9E12ECA0EDF001BA891 /* FileCopyMoveDialog.swift */; };
		C357D9EA2ECA0EDF001BA891 /* ViewOptionsViewController.swift in Sources */ = {isa = PBXBuildFile; fileRef = C357D9E62ECA0EDF001BA891 /* ViewOptionsViewController.swift */; };
		C357D9EB2ECA0EDF001BA891 /* ViewOptions.swift in Sources */ = {isa = PBXBuildFile; fileRef = C357D9E52ECA0EDF001BA891 /* ViewOptions.swift */; };
		C357D9EC2ECA0EDF001BA891 /* PreviewViewController.swift in Sources */ = {isa = PBXBuildFile; fileRef = C357D9E32ECA0EDF001BA891 /* PreviewViewController.swift */; };
		C3E3E8DF3B3B49068B6DD9C8 /* StorageCategory.swift in Sources */ = {isa = PBXBuildFile; fileRef = 83A698595D0B4CF89651A85B /* StorageCategory.swift */; };
		C4F1E8A3831726DD68683ABE /* L10n.swift in Sources */ = {isa = PBXBuildFile; fileRef = 536E7006B83B9250EEBC9F98 /* L10n.swift */; };
		C568332CDF01EEF141FC8DDB /* FileBrowserViewModeCoordinator.swift in Sources */ = {isa = PBXBuildFile; fileRef = 3D01B4BBAAF51F1E05FCED8E /* FileBrowserViewModeCoordinator.swift */; };
		CCCBA794A1A1D994A87C8115 /* PreviewPaneViewController.swift in Sources */ = {isa = PBXBuildFile; fileRef = 65E9B8A3D560CC7CD32E7587 /* PreviewPaneViewController.swift */; };
		D1F884BA491944349930279B /* StartDesignSystem.swift in Sources */ = {isa = PBXBuildFile; fileRef = 67FC3670FEF34117B1EA37F4 /* StartDesignSystem.swift */; };
		D5133A27DB7842BC207F66A4 /* AppearanceSettingsViewController.swift in Sources */ = {isa = PBXBuildFile; fileRef = B091D0A463D4F89E7966E313 /* AppearanceSettingsViewController.swift */; };
		D5ADEF7CBF5C46D6A5E89870 /* ContextualPermissionManager.swift in Sources */ = {isa = PBXBuildFile; fileRef = 1F74C22C3ADD41E2A27FBABA /* ContextualPermissionManager.swift */; };
		DB81D5A258028C7EFB780C61 /* FileBrowserSelectionCoordinator.swift in Sources */ = {isa = PBXBuildFile; fileRef = 144335B3CB676B31AEED8C8E /* FileBrowserSelectionCoordinator.swift */; };
		E010E822F5B6962C1C72A271 /* StorageSettingsViewController.swift in Sources */ = {isa = PBXBuildFile; fileRef = 0330B936510D968B8821EE52 /* StorageSettingsViewController.swift */; };
		E351B29A6543AF26A693A062 /* SettingsTypes.swift in Sources */ = {isa = PBXBuildFile; fileRef = A396B5CC11AE1AF9E5DF55E1 /* SettingsTypes.swift */; };
		E8B6E57A8136E5E2406883DF /* FileBrowserDialogHelper.swift in Sources */ = {isa = PBXBuildFile; fileRef = 1DAEC933609FB68D93999CF3 /* FileBrowserDialogHelper.swift */; };
		F0B10C20D30E40F50A60B70D /* FileOperationsManager.swift in Sources */ = {isa = PBXBuildFile; fileRef = F0B10C20D30E40F50A60B70C /* FileOperationsManager.swift */; };
		F2F1F3B120814DC8BD4B145A /* StorageOverviewWidgetView.swift in Sources */ = {isa = PBXBuildFile; fileRef = ABBBCC2BFE824B9CB573D557 /* StorageOverviewWidgetView.swift */; };
		F572B932DB893D1EDCC0650F /* FileBrowserNavigationCoordinator.swift in Sources */ = {isa = PBXBuildFile; fileRef = 6C05ADC931E15F2308ECAF8C /* FileBrowserNavigationCoordinator.swift */; };
		F9FFEF95DD2049FABE8B6569 /* StorageItem.swift in Sources */ = {isa = PBXBuildFile; fileRef = D68A94874EBC4DC39B2A3061 /* StorageItem.swift */; };
		FB1A2B3C4D5E6F708192A1B5 /* FileBrowserDataSource.swift in Sources */ = {isa = PBXBuildFile; fileRef = FB1A2B3C4D5E6F708192A1B4 /* FileBrowserDataSource.swift */; };
		NAV0001000200030004000501 /* NavigationManager.swift in Sources */ = {isa = PBXBuildFile; fileRef = NAV0001000200030004000500 /* NavigationManager.swift */; };
/* End PBXBuildFile section */

/* Begin PBXFileReference section */
		0330B936510D968B8821EE52 /* StorageSettingsViewController.swift */ = {isa = PBXFileReference; includeInIndex = 1; lastKnownFileType = sourcecode.swift; path = StorageSettingsViewController.swift; sourceTree = "<group>"; };
		0375E31551A39394DACA077C /* SettingsUserDefaultsKeys.swift */ = {isa = PBXFileReference; lastKnownFileType = sourcecode.swift; path = SettingsUserDefaultsKeys.swift; sourceTree = "<group>"; };
		08B971B3759F927A8101D61E /* AccentColorControls.swift */ = {isa = PBXFileReference; includeInIndex = 1; lastKnownFileType = sourcecode.swift; path = AccentColorControls.swift; sourceTree = "<group>"; };
		144335B3CB676B31AEED8C8E /* FileBrowserSelectionCoordinator.swift */ = {isa = PBXFileReference; includeInIndex = 1; lastKnownFileType = sourcecode.swift; path = FileBrowserSelectionCoordinator.swift; sourceTree = "<group>"; };
		16F13AFA7D36527FAC1CEC06 /* Help */ = {isa = PBXFileReference; includeInIndex = 1; lastKnownFileType = folder; path = Help; sourceTree = "<group>"; };
		1972F8A5DEE3441298641AFC /* StorageListViewController.swift */ = {isa = PBXFileReference; lastKnownFileType = sourcecode.swift; path = StorageListViewController.swift; sourceTree = "<group>"; };
		1DAEC933609FB68D93999CF3 /* FileBrowserDialogHelper.swift */ = {isa = PBXFileReference; includeInIndex = 1; lastKnownFileType = sourcecode.swift; path = FileBrowserDialogHelper.swift; sourceTree = "<group>"; };
		1F74C22C3ADD41E2A27FBABA /* ContextualPermissionManager.swift */ = {isa = PBXFileReference; lastKnownFileType = sourcecode.swift; path = ContextualPermissionManager.swift; sourceTree = "<group>"; };
		1FBDDCAF9FC944D889F88AB7 /* FavoritesWidgetView.swift */ = {isa = PBXFileReference; lastKnownFileType = sourcecode.swift; path = FavoritesWidgetView.swift; sourceTree = "<group>"; };
		2EE3071256D14F848904E873 /* StorageProgressViewController.swift */ = {isa = PBXFileReference; lastKnownFileType = sourcecode.swift; path = StorageProgressViewController.swift; sourceTree = "<group>"; };
		313C281B1524A427D6E39CD0 /* GeneralSettingsViewController.swift */ = {isa = PBXFileReference; lastKnownFileType = sourcecode.swift; path = GeneralSettingsViewController.swift; sourceTree = "<group>"; };
		3CC9FC164EB649DC8E794014 /* QuickActionsWidgetView.swift */ = {isa = PBXFileReference; lastKnownFileType = sourcecode.swift; path = QuickActionsWidgetView.swift; sourceTree = "<group>"; };
		3D01B4BBAAF51F1E05FCED8E /* FileBrowserViewModeCoordinator.swift */ = {isa = PBXFileReference; includeInIndex = 1; lastKnownFileType = sourcecode.swift; path = FileBrowserViewModeCoordinator.swift; sourceTree = "<group>"; };
		3DF128936A56C674C582D9CD /* TabsSettingsViewController.swift */ = {isa = PBXFileReference; lastKnownFileType = sourcecode.swift; path = TabsSettingsViewController.swift; sourceTree = "<group>"; };
		4B1FADE6425CA28DEED521D3 /* NSColor+CustomAccentColor.swift */ = {isa = PBXFileReference; lastKnownFileType = sourcecode.swift; path = "NSColor+CustomAccentColor.swift"; sourceTree = "<group>"; };
		4CCF47DFCFAE193F05B95700 /* FileOperationsSettingsViewController.swift */ = {isa = PBXFileReference; lastKnownFileType = sourcecode.swift; path = FileOperationsSettingsViewController.swift; sourceTree = "<group>"; };
		4F42A041AC2EE71E4CDDECBC /* Localizable.strings */ = {isa = PBXFileReference; includeInIndex = 1; lastKnownFileType = text.plist.strings; name = Localizable.strings; path = Localizable.strings; sourceTree = "<group>"; };
		533E45BA233E6BBAE045936E /* Logging.swift */ = {isa = PBXFileReference; includeInIndex = 1; lastKnownFileType = sourcecode.swift; name = Logging.swift; path = Logging.swift; sourceTree = "<group>"; };
		536E7006B83B9250EEBC9F98 /* L10n.swift */ = {isa = PBXFileReference; includeInIndex = 1; lastKnownFileType = sourcecode.swift; name = L10n.swift; path = L10n.swift; sourceTree = "<group>"; };
		57392EF27723AFDC6E1C1E82 /* FileBrowserPreviewPaneCoordinator.swift */ = {isa = PBXFileReference; includeInIndex = 1; lastKnownFileType = sourcecode.swift; path = FileBrowserPreviewPaneCoordinator.swift; sourceTree = "<group>"; };
		5D1E7DCD9FE14FF7B5FDA8E9 /* StorageSummaryViewController.swift */ = {isa = PBXFileReference; lastKnownFileType = sourcecode.swift; path = StorageSummaryViewController.swift; sourceTree = "<group>"; };
		64389EBA797C775B59AFC1BB /* FileBrowserSupportTypes.swift */ = {isa = PBXFileReference; lastKnownFileType = sourcecode.swift; path = FileBrowserSupportTypes.swift; sourceTree = "<group>"; };
		65E9B8A3D560CC7CD32E7587 /* PreviewPaneViewController.swift */ = {isa = PBXFileReference; includeInIndex = 1; lastKnownFileType = sourcecode.swift; path = PreviewPaneViewController.swift; sourceTree = "<group>"; };
		67FC3670FEF34117B1EA37F4 /* StartDesignSystem.swift */ = {isa = PBXFileReference; lastKnownFileType = sourcecode.swift; path = StartDesignSystem.swift; sourceTree = "<group>"; };
		6C05ADC931E15F2308ECAF8C /* FileBrowserNavigationCoordinator.swift */ = {isa = PBXFileReference; includeInIndex = 1; lastKnownFileType = sourcecode.swift; path = FileBrowserNavigationCoordinator.swift; sourceTree = "<group>"; };
		7059AB63FC0A8FFE8457DD23 /* FileBrowserViewController+Collection.swift */ = {isa = PBXFileReference; lastKnownFileType = sourcecode.swift; path = "FileBrowserViewController+Collection.swift"; sourceTree = "<group>"; };
		7A8FC82D42CB696945230302 /* SidebarSettingsViewController.swift */ = {isa = PBXFileReference; lastKnownFileType = sourcecode.swift; path = SidebarSettingsViewController.swift; sourceTree = "<group>"; };
		7C10E33E57143492B991CF25 /* AdvancedSettingsViewController.swift */ = {isa = PBXFileReference; lastKnownFileType = sourcecode.swift; path = AdvancedSettingsViewController.swift; sourceTree = "<group>"; };
		7EEDC1A3B4C54D2F9A123457 /* FreeFormCollectionViewLayout.swift */ = {isa = PBXFileReference; lastKnownFileType = sourcecode.swift; path = FreeFormCollectionViewLayout.swift; sourceTree = "<group>"; };
		83A698595D0B4CF89651A85B /* StorageCategory.swift */ = {isa = PBXFileReference; lastKnownFileType = sourcecode.swift; path = StorageCategory.swift; sourceTree = "<group>"; };
		8696DE7131D34C0BAB016416 /* StorageAnalyzerEngine.swift */ = {isa = PBXFileReference; lastKnownFileType = sourcecode.swift; path = StorageAnalyzerEngine.swift; sourceTree = "<group>"; };
		8A1B2C3D4E5F678901234568 /* TabButtonContainerView.swift */ = {isa = PBXFileReference; lastKnownFileType = sourcecode.swift; path = TabButtonContainerView.swift; sourceTree = "<group>"; };
		9128C20CD205ABF8E7FD423E /* FileBrowserActionHelper.swift */ = {isa = PBXFileReference; includeInIndex = 1; lastKnownFileType = sourcecode.swift; path = FileBrowserActionHelper.swift; sourceTree = "<group>"; };
		92FD942D5BA469E7FE8943C0 /* PermissionsSettingsViewController.swift */ = {isa = PBXFileReference; lastKnownFileType = sourcecode.swift; path = PermissionsSettingsViewController.swift; sourceTree = "<group>"; };
		972207DF39678B36C030424E /* FileBrowserViewController+Columns.swift */ = {isa = PBXFileReference; lastKnownFileType = sourcecode.swift; path = "FileBrowserViewController+Columns.swift"; sourceTree = "<group>"; };
		9CA5260DDE46454E997823C4 /* WelcomeWidgetView.swift */ = {isa = PBXFileReference; lastKnownFileType = sourcecode.swift; path = WelcomeWidgetView.swift; sourceTree = "<group>"; };
		9F1A2B3C4D5E6F708192A1B3 /* WindowTrafficLightManager.swift */ = {isa = PBXFileReference; includeInIndex = 1; lastKnownFileType = sourcecode.swift; path = WindowTrafficLightManager.swift; sourceTree = "<group>"; };
		A06050E7A60B4D73BE112E7F /* StorageScopeSelectionViewController.swift */ = {isa = PBXFileReference; lastKnownFileType = sourcecode.swift; path = StorageScopeSelectionViewController.swift; sourceTree = "<group>"; };
		A2944A48EC7991DC9E8BE7B3 /* ContextMenuSettingsViewController.swift */ = {isa = PBXFileReference; lastKnownFileType = sourcecode.swift; path = ContextMenuSettingsViewController.swift; sourceTree = "<group>"; };
		A396B5CC11AE1AF9E5DF55E1 /* SettingsTypes.swift */ = {isa = PBXFileReference; lastKnownFileType = sourcecode.swift; path = SettingsTypes.swift; sourceTree = "<group>"; };
		AA0000000000000000000001 /* MacFileExplorer.app */ = {isa = PBXFileReference; explicitFileType = wrapper.application; includeInIndex = 0; path = MacFileExplorer.app; sourceTree = BUILT_PRODUCTS_DIR; };
		AA0000020000000000000001 /* AppDelegate.swift */ = {isa = PBXFileReference; lastKnownFileType = sourcecode.swift; path = AppDelegate.swift; sourceTree = "<group>"; };
		AA0000040000000000000001 /* MainWindowController.swift */ = {isa = PBXFileReference; lastKnownFileType = sourcecode.swift; path = MainWindowController.swift; sourceTree = "<group>"; };
		AA0000060000000000000001 /* SplitViewController.swift */ = {isa = PBXFileReference; lastKnownFileType = sourcecode.swift; path = SplitViewController.swift; sourceTree = "<group>"; };
		AA0000080000000000000001 /* FileBrowserViewController.swift */ = {isa = PBXFileReference; lastKnownFileType = sourcecode.swift; path = FileBrowserViewController.swift; sourceTree = "<group>"; };
		AA0000100000000000000001 /* TerminalViewController.swift */ = {isa = PBXFileReference; lastKnownFileType = sourcecode.swift; path = TerminalViewController.swift; sourceTree = "<group>"; };
		AA0000120000000000000001 /* TabBarController.swift */ = {isa = PBXFileReference; lastKnownFileType = sourcecode.swift; path = TabBarController.swift; sourceTree = "<group>"; };
		AA0000140000000000000001 /* FileItem.swift */ = {isa = PBXFileReference; lastKnownFileType = sourcecode.swift; path = FileItem.swift; sourceTree = "<group>"; };
		AA0000160000000000000001 /* ColorManager.swift */ = {isa = PBXFileReference; lastKnownFileType = sourcecode.swift; path = ColorManager.swift; sourceTree = "<group>"; };
		AA0000180000000000000001 /* FileSystemMonitor.swift */ = {isa = PBXFileReference; lastKnownFileType = sourcecode.swift; path = FileSystemMonitor.swift; sourceTree = "<group>"; };
		AA0000200000000000000001 /* Assets.xcassets */ = {isa = PBXFileReference; lastKnownFileType = folder.assetcatalog; path = Assets.xcassets; sourceTree = "<group>"; };
		AA0000220000000000000001 /* MainMenu.xib */ = {isa = PBXFileReference; lastKnownFileType = file.xib; path = MainMenu.xib; sourceTree = "<group>"; };
		AA0000230000000000000001 /* Info.plist */ = {isa = PBXFileReference; lastKnownFileType = text.plist.xml; path = Info.plist; sourceTree = "<group>"; };
		AA0000240000000000000001 /* MacFileExplorer.entitlements */ = {isa = PBXFileReference; lastKnownFileType = text.plist.entitlements; path = MacFileExplorer.entitlements; sourceTree = "<group>"; };
		AA0000310000000000000001 /* SidebarViewController.swift */ = {isa = PBXFileReference; lastKnownFileType = sourcecode.swift; path = SidebarViewController.swift; sourceTree = "<group>"; };
		AA0000320000000000000001 /* ToolbarViewController.swift */ = {isa = PBXFileReference; lastKnownFileType = sourcecode.swift; path = ToolbarViewController.swift; sourceTree = "<group>"; };
		AA0000350000000000000001 /* SplitPaneViewController.swift */ = {isa = PBXFileReference; lastKnownFileType = sourcecode.swift; path = SplitPaneViewController.swift; sourceTree = "<group>"; };
		AA0000360000000000000001 /* SettingsViewController.swift */ = {isa = PBXFileReference; lastKnownFileType = sourcecode.swift; path = SettingsViewController.swift; sourceTree = "<group>"; };
		AA0000390000000000000001 /* SettingsSidebarViewController.swift */ = {isa = PBXFileReference; lastKnownFileType = sourcecode.swift; path = SettingsSidebarViewController.swift; sourceTree = "<group>"; };
		AA0000410000000000000001 /* SettingsWindowController.swift */ = {isa = PBXFileReference; lastKnownFileType = sourcecode.swift; path = SettingsWindowController.swift; sourceTree = "<group>"; };
		AA0000430000000000000001 /* FileIconItem.swift */ = {isa = PBXFileReference; lastKnownFileType = sourcecode.swift; path = FileIconItem.swift; sourceTree = "<group>"; };
		AA0000450000000000000001 /* SettingsSidebarCellView.swift */ = {isa = PBXFileReference; lastKnownFileType = sourcecode.swift; path = SettingsSidebarCellView.swift; sourceTree = "<group>"; };
		AA0000470000000000000001 /* StatusBarViewController.swift */ = {isa = PBXFileReference; lastKnownFileType = sourcecode.swift; path = StatusBarViewController.swift; sourceTree = "<group>"; };
		AA0000510000000000000001 /* SettingsSplitPaneViewController.swift */ = {isa = PBXFileReference; lastKnownFileType = sourcecode.swift; path = SettingsSplitPaneViewController.swift; sourceTree = "<group>"; };
		AA0000760000000000000001 /* FilterPanelViewController.swift */ = {isa = PBXFileReference; lastKnownFileType = sourcecode.swift; path = FilterPanelViewController.swift; sourceTree = "<group>"; };
		ABBBCC2BFE824B9CB573D557 /* StorageOverviewWidgetView.swift */ = {isa = PBXFileReference; lastKnownFileType = sourcecode.swift; path = StorageOverviewWidgetView.swift; sourceTree = "<group>"; };
		AF0B1C2D3E4F567890123456 /* Atomic.swift */ = {isa = PBXFileReference; lastKnownFileType = sourcecode.swift; path = Atomic.swift; sourceTree = "<group>"; };
		AF0B1C2D3E4F567890123458 /* NSImage+Grayscale.swift */ = {isa = PBXFileReference; lastKnownFileType = sourcecode.swift; path = "NSImage+Grayscale.swift"; sourceTree = "<group>"; };
		AF7A16206E1A5FEA62C81C3F /* TerminalSettingsViewController.swift */ = {isa = PBXFileReference; lastKnownFileType = sourcecode.swift; path = TerminalSettingsViewController.swift; sourceTree = "<group>"; };
		B091D0A463D4F89E7966E313 /* AppearanceSettingsViewController.swift */ = {isa = PBXFileReference; lastKnownFileType = sourcecode.swift; path = AppearanceSettingsViewController.swift; sourceTree = "<group>"; };
		B097C7B807AE09ABBF548523 /* FileBrowserZoomCoordinator.swift */ = {isa = PBXFileReference; includeInIndex = 1; lastKnownFileType = sourcecode.swift; path = FileBrowserZoomCoordinator.swift; sourceTree = "<group>"; };
		B1FFE03C491D474790704210 /* GettingStartedWidgetView.swift */ = {isa = PBXFileReference; lastKnownFileType = sourcecode.swift; path = GettingStartedWidgetView.swift; sourceTree = "<group>"; };
		B2717543BED9FDD152C6B430 /* FileBrowserViewController+Outline.swift */ = {isa = PBXFileReference; lastKnownFileType = sourcecode.swift; path = "FileBrowserViewController+Outline.swift"; sourceTree = "<group>"; };
		B2C5E8F93A4D4761B9E72C40 /* StorageAnalyzerTabViewController.swift */ = {isa = PBXFileReference; lastKnownFileType = sourcecode.swift; path = StorageAnalyzerTabViewController.swift; sourceTree = "<group>"; };
		C2CA98F441BC469AA6AC8B30 /* StartWidgetView.swift */ = {isa = PBXFileReference; lastKnownFileType = sourcecode.swift; path = StartWidgetView.swift; sourceTree = "<group>"; };
		C357D9DF2ECA0ECB001BA891 /* AboutWindowController.swift */ = {isa = PBXFileReference; lastKnownFileType = sourcecode.swift; path = AboutWindowController.swift; sourceTree = "<group>"; };
		C357D9E12ECA0EDF001BA891 /* FileCopyMoveDialog.swift */ = {isa = PBXFileReference; lastKnownFileType = sourcecode.swift; path = FileCopyMoveDialog.swift; sourceTree = "<group>"; };
		C357D9E22ECA0EDF001BA891 /* NotificationNames.swift */ = {isa = PBXFileReference; lastKnownFileType = sourcecode.swift; path = NotificationNames.swift; sourceTree = "<group>"; };
		C357D9E32ECA0EDF001BA891 /* PreviewViewController.swift */ = {isa = PBXFileReference; lastKnownFileType = sourcecode.swift; path = PreviewViewController.swift; sourceTree = "<group>"; };
		C357D9E42ECA0EDF001BA891 /* ProgressViewController.swift */ = {isa = PBXFileReference; lastKnownFileType = sourcecode.swift; path = ProgressViewController.swift; sourceTree = "<group>"; };
		C357D9E52ECA0EDF001BA891 /* ViewOptions.swift */ = {isa = PBXFileReference; lastKnownFileType = sourcecode.swift; path = ViewOptions.swift; sourceTree = "<group>"; };
		C357D9E62ECA0EDF001BA891 /* ViewOptionsViewController.swift */ = {isa = PBXFileReference; lastKnownFileType = sourcecode.swift; path = ViewOptionsViewController.swift; sourceTree = "<group>"; };
		C8597653ABC94615B0186203 /* StartViewController.swift */ = {isa = PBXFileReference; lastKnownFileType = sourcecode.swift; path = StartViewController.swift; sourceTree = "<group>"; };
		D25571C2C8395C0D079C08C7 /* PermissionsManager.swift */ = {isa = PBXFileReference; includeInIndex = 1; lastKnownFileType = sourcecode.swift; path = PermissionsManager.swift; sourceTree = "<group>"; };
		D3664633C5874840B264CBF1 /* StorageAnalyzerWindowController.swift */ = {isa = PBXFileReference; lastKnownFileType = sourcecode.swift; path = StorageAnalyzerWindowController.swift; sourceTree = "<group>"; };
		D68A94874EBC4DC39B2A3061 /* StorageItem.swift */ = {isa = PBXFileReference; lastKnownFileType = sourcecode.swift; path = StorageItem.swift; sourceTree = "<group>"; };
		D7D3C8D1A946CD6030946240 /* GoMenuSettingsViewController.swift */ = {isa = PBXFileReference; lastKnownFileType = sourcecode.swift; path = GoMenuSettingsViewController.swift; sourceTree = "<group>"; };
		DB1234567890ABCDEFFEDCBA /* FileBrowserSelectionManager.swift */ = {isa = PBXFileReference; lastKnownFileType = sourcecode.swift; path = FileBrowserSelectionManager.swift; sourceTree = "<group>"; };
		DC1234567890ABCDEFFEDCBA /* SettingsStore.swift */ = {isa = PBXFileReference; lastKnownFileType = sourcecode.swift; path = SettingsStore.swift; sourceTree = "<group>"; };
		E2E0F3CDA206AA06DDA73C6D /* ToolbarSettingsViewController.swift */ = {isa = PBXFileReference; lastKnownFileType = sourcecode.swift; path = ToolbarSettingsViewController.swift; sourceTree = "<group>"; };
		F0B10C20D30E40F50A60B70C /* FileOperationsManager.swift */ = {isa = PBXFileReference; lastKnownFileType = sourcecode.swift; path = FileOperationsManager.swift; sourceTree = "<group>"; };
		F5BD891DAC173822323876CF /* FileBrowserContextMenuProvider.swift */ = {isa = PBXFileReference; includeInIndex = 1; lastKnownFileType = sourcecode.swift; path = FileBrowserContextMenuProvider.swift; sourceTree = "<group>"; };
		F9410711140846533B4EE97F /* PendingSettings.swift */ = {isa = PBXFileReference; lastKnownFileType = sourcecode.swift; path = PendingSettings.swift; sourceTree = "<group>"; };
		FB1A2B3C4D5E6F708192A1B4 /* FileBrowserDataSource.swift */ = {isa = PBXFileReference; lastKnownFileType = sourcecode.swift; path = FileBrowserDataSource.swift; sourceTree = "<group>"; };
		FDA2EA03BEC350732550C9A3 /* FileBrowserFilterCoordinator.swift */ = {isa = PBXFileReference; includeInIndex = 1; lastKnownFileType = sourcecode.swift; path = FileBrowserFilterCoordinator.swift; sourceTree = "<group>"; };
		NAV0001000200030004000500 /* NavigationManager.swift */ = {isa = PBXFileReference; lastKnownFileType = sourcecode.swift; path = NavigationManager.swift; sourceTree = "<group>"; };
/* End PBXFileReference section */

/* Begin PBXFrameworksBuildPhase section */
		AA9999990000000000000001 /* Frameworks */ = {
			isa = PBXFrameworksBuildPhase;
			buildActionMask = 2147483647;
			files = (
			);
			runOnlyForDeploymentPostprocessing = 0;
		};
/* End PBXFrameworksBuildPhase section */

/* Begin PBXGroup section */
		3D612BCE865A633DAA120BBC /* en.lproj */ = {
			isa = PBXGroup;
			children = (
				4F42A041AC2EE71E4CDDECBC /* Localizable.strings */,
			);
			name = en.lproj;
			path = en.lproj;
			sourceTree = "<group>";
		};
		AA0000250000000000000001 /* MacFileExplorer */ = {
			isa = PBXGroup;
			children = (
				AA0000270000000000000001 /* Sources */,
				AA0000280000000000000001 /* Resources */,
				AA0000290000000000000001 /* Supporting Files */,
			);
			path = MacFileExplorer;
			sourceTree = "<group>";
		};
		AA0000260000000000000001 /* Products */ = {
			isa = PBXGroup;
			children = (
				AA0000000000000000000001 /* MacFileExplorer.app */,
			);
			name = Products;
			sourceTree = "<group>";
		};
		AA0000270000000000000001 /* Sources */ = {
			isa = PBXGroup;
			children = (
				C357D9E12ECA0EDF001BA891 /* FileCopyMoveDialog.swift */,
				7EEDC1A3B4C54D2F9A123457 /* FreeFormCollectionViewLayout.swift */,
				C357D9E22ECA0EDF001BA891 /* NotificationNames.swift */,
				C357D9E32ECA0EDF001BA891 /* PreviewViewController.swift */,
				C357D9E42ECA0EDF001BA891 /* ProgressViewController.swift */,
				C357D9E52ECA0EDF001BA891 /* ViewOptions.swift */,
				C357D9E62ECA0EDF001BA891 /* ViewOptionsViewController.swift */,
				C357D9DF2ECA0ECB001BA891 /* AboutWindowController.swift */,
				8A1B2C3D4E5F678901234568 /* TabButtonContainerView.swift */,
				AA0000020000000000000001 /* AppDelegate.swift */,
				AA0000040000000000000001 /* MainWindowController.swift */,
				AA0000060000000000000001 /* SplitViewController.swift */,
				AA0000080000000000000001 /* FileBrowserViewController.swift */,
				972207DF39678B36C030424E /* FileBrowserViewController+Columns.swift */,
				B2717543BED9FDD152C6B430 /* FileBrowserViewController+Outline.swift */,
				7059AB63FC0A8FFE8457DD23 /* FileBrowserViewController+Collection.swift */,
				64389EBA797C775B59AFC1BB /* FileBrowserSupportTypes.swift */,
				AA0000760000000000000001 /* FilterPanelViewController.swift */,
				AA0000100000000000000001 /* TerminalViewController.swift */,
				AA0000120000000000000001 /* TabBarController.swift */,
				AA0000310000000000000001 /* SidebarViewController.swift */,
				AA0000320000000000000001 /* ToolbarViewController.swift */,
				AA0000350000000000000001 /* SplitPaneViewController.swift */,
				AA0000510000000000000001 /* SettingsSplitPaneViewController.swift */,
				AA0000360000000000000001 /* SettingsViewController.swift */,
				0375E31551A39394DACA077C /* SettingsUserDefaultsKeys.swift */,
				A396B5CC11AE1AF9E5DF55E1 /* SettingsTypes.swift */,
				F9410711140846533B4EE97F /* PendingSettings.swift */,
				4B1FADE6425CA28DEED521D3 /* NSColor+CustomAccentColor.swift */,
				313C281B1524A427D6E39CD0 /* GeneralSettingsViewController.swift */,
				B091D0A463D4F89E7966E313 /* AppearanceSettingsViewController.swift */,
				3DF128936A56C674C582D9CD /* TabsSettingsViewController.swift */,
				E2E0F3CDA206AA06DDA73C6D /* ToolbarSettingsViewController.swift */,
				4CCF47DFCFAE193F05B95700 /* FileOperationsSettingsViewController.swift */,
				D7D3C8D1A946CD6030946240 /* GoMenuSettingsViewController.swift */,
				AF7A16206E1A5FEA62C81C3F /* TerminalSettingsViewController.swift */,
				92FD942D5BA469E7FE8943C0 /* PermissionsSettingsViewController.swift */,
				7C10E33E57143492B991CF25 /* AdvancedSettingsViewController.swift */,
				7A8FC82D42CB696945230302 /* SidebarSettingsViewController.swift */,
				A2944A48EC7991DC9E8BE7B3 /* ContextMenuSettingsViewController.swift */,
				AA0000390000000000000001 /* SettingsSidebarViewController.swift */,
				AA0000410000000000000001 /* SettingsWindowController.swift */,
				AA0000450000000000000001 /* SettingsSidebarCellView.swift */,
				AA0000140000000000000001 /* FileItem.swift */,
				AA0000430000000000000001 /* FileIconItem.swift */,
				AA0000470000000000000001 /* StatusBarViewController.swift */,
				AA0000160000000000000001 /* ColorManager.swift */,
				AA0000180000000000000001 /* FileSystemMonitor.swift */,
				FB1A2B3C4D5E6F708192A1B4 /* FileBrowserDataSource.swift */,
				F0B10C20D30E40F50A60B70C /* FileOperationsManager.swift */,
				NAV0001000200030004000500 /* NavigationManager.swift */,
				65E9B8A3D560CC7CD32E7587 /* PreviewPaneViewController.swift */,
				D25571C2C8395C0D079C08C7 /* PermissionsManager.swift */,
				9F1A2B3C4D5E6F708192A1B3 /* WindowTrafficLightManager.swift */,
				83A698595D0B4CF89651A85B /* StorageCategory.swift */,
				D68A94874EBC4DC39B2A3061 /* StorageItem.swift */,
				8696DE7131D34C0BAB016416 /* StorageAnalyzerEngine.swift */,
				1972F8A5DEE3441298641AFC /* StorageListViewController.swift */,
				5D1E7DCD9FE14FF7B5FDA8E9 /* StorageSummaryViewController.swift */,
				A06050E7A60B4D73BE112E7F /* StorageScopeSelectionViewController.swift */,
				2EE3071256D14F848904E873 /* StorageProgressViewController.swift */,
				D3664633C5874840B264CBF1 /* StorageAnalyzerWindowController.swift */,
				B2C5E8F93A4D4761B9E72C40 /* StorageAnalyzerTabViewController.swift */,
				67FC3670FEF34117B1EA37F4 /* StartDesignSystem.swift */,
				C2CA98F441BC469AA6AC8B30 /* StartWidgetView.swift */,
				9CA5260DDE46454E997823C4 /* WelcomeWidgetView.swift */,
				1FBDDCAF9FC944D889F88AB7 /* FavoritesWidgetView.swift */,
				3CC9FC164EB649DC8E794014 /* QuickActionsWidgetView.swift */,
				B1FFE03C491D474790704210 /* GettingStartedWidgetView.swift */,
				ABBBCC2BFE824B9CB573D557 /* StorageOverviewWidgetView.swift */,
				1F74C22C3ADD41E2A27FBABA /* ContextualPermissionManager.swift */,
				C8597653ABC94615B0186203 /* StartViewController.swift */,
				0330B936510D968B8821EE52 /* StorageSettingsViewController.swift */,
				08B971B3759F927A8101D61E /* AccentColorControls.swift */,
				AF0B1C2D3E4F567890123456 /* Atomic.swift */,
				AF0B1C2D3E4F567890123458 /* NSImage+Grayscale.swift */,
				533E45BA233E6BBAE045936E /* Logging.swift */,
				DB1234567890ABCDEFFEDCBA /* FileBrowserSelectionManager.swift */,
				DC1234567890ABCDEFFEDCBA /* SettingsStore.swift */,
				536E7006B83B9250EEBC9F98 /* L10n.swift */,
				9128C20CD205ABF8E7FD423E /* FileBrowserActionHelper.swift */,
				1DAEC933609FB68D93999CF3 /* FileBrowserDialogHelper.swift */,
				F5BD891DAC173822323876CF /* FileBrowserContextMenuProvider.swift */,
				57392EF27723AFDC6E1C1E82 /* FileBrowserPreviewPaneCoordinator.swift */,
				3D01B4BBAAF51F1E05FCED8E /* FileBrowserViewModeCoordinator.swift */,
				B097C7B807AE09ABBF548523 /* FileBrowserZoomCoordinator.swift */,
				FDA2EA03BEC350732550C9A3 /* FileBrowserFilterCoordinator.swift */,
				6C05ADC931E15F2308ECAF8C /* FileBrowserNavigationCoordinator.swift */,
				144335B3CB676B31AEED8C8E /* FileBrowserSelectionCoordinator.swift */,
			);
			path = Sources;
			sourceTree = "<group>";
		};
		AA0000280000000000000001 /* Resources */ = {
			isa = PBXGroup;
			children = (
				AA0000200000000000000001 /* Assets.xcassets */,
				AA0000220000000000000001 /* MainMenu.xib */,
				16F13AFA7D36527FAC1CEC06 /* Help */,
				3D612BCE865A633DAA120BBC /* en.lproj */,
			);
			path = Resources;
			sourceTree = "<group>";
		};
		AA0000290000000000000001 /* Supporting Files */ = {
			isa = PBXGroup;
			children = (
				AA0000230000000000000001 /* Info.plist */,
				AA0000240000000000000001 /* MacFileExplorer.entitlements */,
			);
			path = "Supporting Files";
			sourceTree = "<group>";
		};
		AA8888880000000000000001 = {
			isa = PBXGroup;
			children = (
				AA0000250000000000000001 /* MacFileExplorer */,
				AA0000260000000000000001 /* Products */,
			);
			sourceTree = "<group>";
		};
/* End PBXGroup section */

/* Begin PBXNativeTarget section */
		AA7777770000000000000001 /* MacFileExplorer */ = {
			isa = PBXNativeTarget;
			buildConfigurationList = AA6666660000000000000001 /* Build configuration list for PBXNativeTarget "MacFileExplorer" */;
			buildPhases = (
				AA5555550000000000000001 /* Sources */,
				AA9999990000000000000001 /* Frameworks */,
				AA4444440000000000000001 /* Resources */,
			);
			buildRules = (
			);
			dependencies = (
			);
			name = MacFileExplorer;
			productName = MacFileExplorer;
			productReference = AA0000000000000000000001 /* MacFileExplorer.app */;
			productType = "com.apple.product-type.application";
		};
/* End PBXNativeTarget section */

/* Begin PBXProject section */
		AA3333330000000000000001 /* Project object */ = {
			isa = PBXProject;
			attributes = {
				BuildIndependentTargetsInParallel = 1;
				LastSwiftUpdateCheck = 1500;
				LastUpgradeCheck = 1500;
				TargetAttributes = {
					AA7777770000000000000001 = {
						CreatedOnToolsVersion = 15.0;
					};
				};
			};
			buildConfigurationList = AA2222220000000000000001 /* Build configuration list for PBXProject "MacFileExplorer" */;
			compatibilityVersion = "Xcode 14.0";
			developmentRegion = en;
			hasScannedForEncodings = 0;
			knownRegions = (
				en,
				Base,
			);
			mainGroup = AA8888880000000000000001;
			productRefGroup = AA0000260000000000000001 /* Products */;
			projectDirPath = "";
			projectRoot = "";
			targets = (
				AA7777770000000000000001 /* MacFileExplorer */,
			);
		};
/* End PBXProject section */

/* Begin PBXResourcesBuildPhase section */
		AA4444440000000000000001 /* Resources */ = {
			isa = PBXResourcesBuildPhase;
			buildActionMask = 2147483647;
			files = (
				AA0000190000000000000001 /* Assets.xcassets in Resources */,
				AA0000210000000000000001 /* MainMenu.xib in Resources */,
				922DA356552FC1D24A4C899D /* Help in Resources */,
				B463D291D24015C3949708E5 /* Localizable.strings in Resources */,
			);
			runOnlyForDeploymentPostprocessing = 0;
		};
/* End PBXResourcesBuildPhase section */

/* Begin PBXSourcesBuildPhase section */
		AA5555550000000000000001 /* Sources */ = {
			isa = PBXSourcesBuildPhase;
			buildActionMask = 2147483647;
			files = (
				AA0000010000000000000001 /* AppDelegate.swift in Sources */,
				C357D9E02ECA0ECB001BA891 /* AboutWindowController.swift in Sources */,
				AA0000030000000000000001 /* MainWindowController.swift in Sources */,
				AA0000050000000000000001 /* SplitViewController.swift in Sources */,
				AA0000070000000000000001 /* FileBrowserViewController.swift in Sources */,
				95C1AE9C55FDA748A8657093 /* FileBrowserViewController+Columns.swift in Sources */,
				B456E33B145DA24A6D1A1CF6 /* FileBrowserViewController+Outline.swift in Sources */,
				AACA7BD52B81536725519668 /* FileBrowserViewController+Collection.swift in Sources */,
				2295DF4DBB54CE0FD5104EB7 /* FileBrowserSupportTypes.swift in Sources */,
				AA0000750000000000000001 /* FilterPanelViewController.swift in Sources */,
				AA0000090000000000000001 /* TerminalViewController.swift in Sources */,
				AA0000110000000000000001 /* TabBarController.swift in Sources */,
				8A1B2C3D4E5F678901234567 /* TabButtonContainerView.swift in Sources */,
				AA0000300000000000000001 /* SidebarViewController.swift in Sources */,
				AA0000330000000000000001 /* ToolbarViewController.swift in Sources */,
				AA0000340000000000000001 /* SplitPaneViewController.swift in Sources */,
				AA0000500000000000000001 /* SettingsSplitPaneViewController.swift in Sources */,
				AA0000370000000000000001 /* SettingsViewController.swift in Sources */,
				01088225B45FC1AD5A3B122D /* SettingsUserDefaultsKeys.swift in Sources */,
				E351B29A6543AF26A693A062 /* SettingsTypes.swift in Sources */,
				633148A0C6271F6FEE429180 /* PendingSettings.swift in Sources */,
				731ADAEB562AE887A6B1E8B0 /* NSColor+CustomAccentColor.swift in Sources */,
				7EE451F51B6448D0A546B2CD /* GeneralSettingsViewController.swift in Sources */,
				D5133A27DB7842BC207F66A4 /* AppearanceSettingsViewController.swift in Sources */,
				1BBE8DF6482AE3D591360D4E /* TabsSettingsViewController.swift in Sources */,
				2EFFBF46D1B22A7C2EBD14CD /* ToolbarSettingsViewController.swift in Sources */,
				C1F9E903CEAAA0B87E7CDF13 /* FileOperationsSettingsViewController.swift in Sources */,
				6DC2FE305F52F910D0039BF1 /* GoMenuSettingsViewController.swift in Sources */,
				3661ED6F8CD6F220263FA52A /* TerminalSettingsViewController.swift in Sources */,
				23F991C675C406AB4E378D5A /* PermissionsSettingsViewController.swift in Sources */,
				119BB274982CF04409B900CB /* AdvancedSettingsViewController.swift in Sources */,
				226AF5AF76301E12125506A9 /* SidebarSettingsViewController.swift in Sources */,
				A367F4A23EE1A99C761EDE8E /* ContextMenuSettingsViewController.swift in Sources */,
				AA0000380000000000000001 /* SettingsSidebarViewController.swift in Sources */,
				AA0000400000000000000001 /* SettingsWindowController.swift in Sources */,
				AA0000440000000000000001 /* SettingsSidebarCellView.swift in Sources */,
				AA0000130000000000000001 /* FileItem.swift in Sources */,
				AA0000420000000000000001 /* FileIconItem.swift in Sources */,
				AA0000460000000000000001 /* StatusBarViewController.swift in Sources */,
				AA0000150000000000000001 /* ColorManager.swift in Sources */,
				AA0000170000000000000001 /* FileSystemMonitor.swift in Sources */,
				CCCBA794A1A1D994A87C8115 /* PreviewPaneViewController.swift in Sources */,
				C357D9E72ECA0EDF001BA891 /* NotificationNames.swift in Sources */,
				C357D9E82ECA0EDF001BA891 /* ProgressViewController.swift in Sources */,
				C357D9E92ECA0EDF001BA891 /* FileCopyMoveDialog.swift in Sources */,
				7EEDC1A3B4C54D2F9A123456 /* FreeFormCollectionViewLayout.swift in Sources */,
				C357D9EA2ECA0EDF001BA891 /* ViewOptionsViewController.swift in Sources */,
				C357D9EB2ECA0EDF001BA891 /* ViewOptions.swift in Sources */,
				C357D9EC2ECA0EDF001BA891 /* PreviewViewController.swift in Sources */,
				617E78C00A3B9EE92A79BE33 /* PermissionsManager.swift in Sources */,
				9F1A2B3C4D5E6F708192A1B2 /* WindowTrafficLightManager.swift in Sources */,
				C3E3E8DF3B3B49068B6DD9C8 /* StorageCategory.swift in Sources */,
				F9FFEF95DD2049FABE8B6569 /* StorageItem.swift in Sources */,
				0056E7AFE18B4995869092AB /* StorageAnalyzerEngine.swift in Sources */,
				37B7CDFD76504BA1873EF4EF /* StorageListViewController.swift in Sources */,
				0533A2FEA61D47DBBB812F52 /* StorageSummaryViewController.swift in Sources */,
				6A472FB704FA4AC7BD1C3BA4 /* StorageScopeSelectionViewController.swift in Sources */,
				745071C3419A40EA9CE70FBA /* StorageProgressViewController.swift in Sources */,
				17E66C936B874320BEA2DBA4 /* StorageAnalyzerWindowController.swift in Sources */,
				8F9A1D2E5C7B4E92A3F46B81 /* StorageAnalyzerTabViewController.swift in Sources */,
				D1F884BA491944349930279B /* StartDesignSystem.swift in Sources */,
				3C3D24F078A24A388C57F8B2 /* StartWidgetView.swift in Sources */,
				261194ABC26C4934B258E765 /* WelcomeWidgetView.swift in Sources */,
				6D7342074ECD4C96B27AE074 /* FavoritesWidgetView.swift in Sources */,
				05DB5601FE8A4A869A4E2DAE /* QuickActionsWidgetView.swift in Sources */,
				77F59CBBE25241F78535867F /* GettingStartedWidgetView.swift in Sources */,
				F2F1F3B120814DC8BD4B145A /* StorageOverviewWidgetView.swift in Sources */,
				D5ADEF7CBF5C46D6A5E89870 /* ContextualPermissionManager.swift in Sources */,
				75E502CAE4064D98B4DC278B /* StartViewController.swift in Sources */,
				E010E822F5B6962C1C72A271 /* StorageSettingsViewController.swift in Sources */,
				774DEAE20156EAD3D3E020FD /* AccentColorControls.swift in Sources */,
				AF0B1C2D3E4F567890123457 /* Atomic.swift in Sources */,
				AF0B1C2D3E4F567890123459 /* NSImage+Grayscale.swift in Sources */,
				921129CF103EA5C95631022D /* Logging.swift in Sources */,
				9FFFEEEEDDCCBBAA99887766 /* FileBrowserSelectionManager.swift in Sources */,
				FB1A2B3C4D5E6F708192A1B5 /* FileBrowserDataSource.swift in Sources */,
				F0B10C20D30E40F50A60B70D /* FileOperationsManager.swift in Sources */,
				NAV0001000200030004000501 /* NavigationManager.swift in Sources */,
				9FFFEEEEDDCCBBAA99887767 /* SettingsStore.swift in Sources */,
				C4F1E8A3831726DD68683ABE /* L10n.swift in Sources */,
				6031BD53EF224E56A641B0B0 /* FileBrowserActionHelper.swift in Sources */,
				E8B6E57A8136E5E2406883DF /* FileBrowserDialogHelper.swift in Sources */,
				0094940B44A33FE5FE8F492B /* FileBrowserContextMenuProvider.swift in Sources */,
				2919B2CE73309D677CAFB2F0 /* FileBrowserPreviewPaneCoordinator.swift in Sources */,
				C568332CDF01EEF141FC8DDB /* FileBrowserViewModeCoordinator.swift in Sources */,
				2B75D93462FB0E62CA549883 /* FileBrowserZoomCoordinator.swift in Sources */,
				8790817EAC845A58BA1ED310 /* FileBrowserFilterCoordinator.swift in Sources */,
				F572B932DB893D1EDCC0650F /* FileBrowserNavigationCoordinator.swift in Sources */,
				DB81D5A258028C7EFB780C61 /* FileBrowserSelectionCoordinator.swift in Sources */,
			);
			runOnlyForDeploymentPostprocessing = 0;
		};
/* End PBXSourcesBuildPhase section */

/* Begin XCBuildConfiguration section */
		AA1111110000000000000001 /* Debug */ = {
			isa = XCBuildConfiguration;
			buildSettings = {
				ALWAYS_SEARCH_USER_PATHS = NO;
				ASSETCATALOG_COMPILER_APPICON_NAME = AppIcon;
				CLANG_ANALYZER_NONNULL = YES;
				CLANG_ANALYZER_NUMBER_OBJECT_CONVERSION = YES_AGGRESSIVE;
				CLANG_CXX_LANGUAGE_STANDARD = "gnu++20";
				CLANG_ENABLE_MODULES = YES;
				CLANG_ENABLE_OBJC_ARC = YES;
				CLANG_ENABLE_OBJC_WEAK = YES;
				CLANG_WARN_BLOCK_CAPTURE_AUTORELEASING = YES;
				CLANG_WARN_BOOL_CONVERSION = YES;
				CLANG_WARN_COMMA = YES;
				CLANG_WARN_CONSTANT_CONVERSION = YES;
				CLANG_WARN_DEPRECATED_OBJC_IMPLEMENTATIONS = YES;
				CLANG_WARN_DIRECT_OBJC_ISA_USAGE = YES_ERROR;
				CLANG_WARN_DOCUMENTATION_COMMENTS = YES;
				CLANG_WARN_EMPTY_BODY = YES;
				CLANG_WARN_ENUM_CONVERSION = YES;
				CLANG_WARN_INFINITE_RECURSION = YES;
				CLANG_WARN_INT_CONVERSION = YES;
				CLANG_WARN_NON_LITERAL_NULL_CONVERSION = YES;
				CLANG_WARN_OBJC_IMPLICIT_RETAIN_SELF = YES;
				CLANG_WARN_OBJC_LITERAL_CONVERSION = YES;
				CLANG_WARN_OBJC_ROOT_CLASS = YES_ERROR;
				CLANG_WARN_QUOTED_INCLUDE_IN_FRAMEWORK_HEADER = YES;
				CLANG_WARN_RANGE_LOOP_ANALYSIS = YES;
				CLANG_WARN_STRICT_PROTOTYPES = YES;
				CLANG_WARN_SUSPICIOUS_MOVE = YES;
				CLANG_WARN_UNGUARDED_AVAILABILITY = YES_AGGRESSIVE;
				CLANG_WARN_UNREACHABLE_CODE = YES;
				CLANG_WARN__DUPLICATE_METHOD_MATCH = YES;
				COPY_PHASE_STRIP = NO;
				DEBUG_INFORMATION_FORMAT = dwarf;
				ENABLE_STRICT_OBJC_MSGSEND = YES;
				ENABLE_TESTABILITY = YES;
				GCC_C_LANGUAGE_STANDARD = gnu11;
				GCC_DYNAMIC_NO_PIC = NO;
				GCC_NO_COMMON_BLOCKS = YES;
				GCC_OPTIMIZATION_LEVEL = 0;
				GCC_PREPROCESSOR_DEFINITIONS = (
					"DEBUG=1",
					"$(inherited)",
				);
				GCC_WARN_64_TO_32_BIT_CONVERSION = YES;
				GCC_WARN_ABOUT_RETURN_TYPE = YES_ERROR;
				GCC_WARN_UNDECLARED_SELECTOR = YES;
				GCC_WARN_UNINITIALIZED_AUTOS = YES_AGGRESSIVE;
				GCC_WARN_UNUSED_FUNCTION = YES;
				GCC_WARN_UNUSED_VARIABLE = YES;
				MACOSX_DEPLOYMENT_TARGET = 13.0;
				MTL_ENABLE_DEBUG_INFO = INCLUDE_SOURCE;
				MTL_FAST_MATH = YES;
				ONLY_ACTIVE_ARCH = YES;
				SDKROOT = macosx;
				SWIFT_ACTIVE_COMPILATION_CONDITIONS = DEBUG;
				SWIFT_OPTIMIZATION_LEVEL = "-Onone";
			};
			name = Debug;
		};
		AA1111120000000000000001 /* Release */ = {
			isa = XCBuildConfiguration;
			buildSettings = {
				ALWAYS_SEARCH_USER_PATHS = NO;
				ASSETCATALOG_COMPILER_APPICON_NAME = AppIcon;
				CLANG_ANALYZER_NONNULL = YES;
				CLANG_ANALYZER_NUMBER_OBJECT_CONVERSION = YES_AGGRESSIVE;
				CLANG_CXX_LANGUAGE_STANDARD = "gnu++20";
				CLANG_ENABLE_MODULES = YES;
				CLANG_ENABLE_OBJC_ARC = YES;
				CLANG_ENABLE_OBJC_WEAK = YES;
				CLANG_WARN_BLOCK_CAPTURE_AUTORELEASING = YES;
				CLANG_WARN_BOOL_CONVERSION = YES;
				CLANG_WARN_COMMA = YES;
				CLANG_WARN_CONSTANT_CONVERSION = YES;
				CLANG_WARN_DEPRECATED_OBJC_IMPLEMENTATIONS = YES;
				CLANG_WARN_DIRECT_OBJC_ISA_USAGE = YES_ERROR;
				CLANG_WARN_DOCUMENTATION_COMMENTS = YES;
				CLANG_WARN_EMPTY_BODY = YES;
				CLANG_WARN_ENUM_CONVERSION = YES;
				CLANG_WARN_INFINITE_RECURSION = YES;
				CLANG_WARN_INT_CONVERSION = YES;
				CLANG_WARN_NON_LITERAL_NULL_CONVERSION = YES;
				CLANG_WARN_OBJC_IMPLICIT_RETAIN_SELF = YES;
				CLANG_WARN_OBJC_LITERAL_CONVERSION = YES;
				CLANG_WARN_OBJC_ROOT_CLASS = YES_ERROR;
				CLANG_WARN_QUOTED_INCLUDE_IN_FRAMEWORK_HEADER = YES;
				CLANG_WARN_RANGE_LOOP_ANALYSIS = YES;
				CLANG_WARN_STRICT_PROTOTYPES = YES;
				CLANG_WARN_SUSPICIOUS_MOVE = YES;
				CLANG_WARN_UNGUARDED_AVAILABILITY = YES_AGGRESSIVE;
				CLANG_WARN_UNREACHABLE_CODE = YES;
				CLANG_WARN__DUPLICATE_METHOD_MATCH = YES;
				COPY_PHASE_STRIP = NO;
				DEBUG_INFORMATION_FORMAT = "dwarf-with-dsym";
				ENABLE_NS_ASSERTIONS = NO;
				ENABLE_STRICT_OBJC_MSGSEND = YES;
				GCC_C_LANGUAGE_STANDARD = gnu11;
				GCC_NO_COMMON_BLOCKS = YES;
				GCC_WARN_64_TO_32_BIT_CONVERSION = YES;
				GCC_WARN_ABOUT_RETURN_TYPE = YES_ERROR;
				GCC_WARN_UNDECLARED_SELECTOR = YES;
				GCC_WARN_UNINITIALIZED_AUTOS = YES_AGGRESSIVE;
				GCC_WARN_UNUSED_FUNCTION = YES;
				GCC_WARN_UNUSED_VARIABLE = YES;
				MACOSX_DEPLOYMENT_TARGET = 13.0;
				MTL_ENABLE_DEBUG_INFO = NO;
				MTL_FAST_MATH = YES;
				SDKROOT = macosx;
				SWIFT_COMPILATION_MODE = wholemodule;
				SWIFT_OPTIMIZATION_LEVEL = "-O";
			};
			name = Release;
		};
		AA1111130000000000000001 /* Debug */ = {
			isa = XCBuildConfiguration;
			buildSettings = {
				ASSETCATALOG_COMPILER_APPICON_NAME = AppIcon;
				CODE_SIGN_ENTITLEMENTS = "MacFileExplorer/Supporting Files/MacFileExplorer.entitlements";
				CODE_SIGN_STYLE = Automatic;
				COMBINE_HIDPI_IMAGES = YES;
				CURRENT_PROJECT_VERSION = 1;
				DEVELOPMENT_TEAM = "";
				ENABLE_HARDENED_RUNTIME = YES;
				GENERATE_INFOPLIST_FILE = NO;
				INFOPLIST_FILE = "MacFileExplorer/Supporting Files/Info.plist";
				INFOPLIST_KEY_NSHumanReadableCopyright = "";
				INFOPLIST_KEY_NSMainNibFile = MainMenu;
				INFOPLIST_KEY_NSPrincipalClass = NSApplication;
				LD_RUNPATH_SEARCH_PATHS = (
					"$(inherited)",
					"@executable_path/../Frameworks",
				);
				MARKETING_VERSION = 1.0;
				PRODUCT_BUNDLE_IDENTIFIER = com.macfileexplorer.app;
				PRODUCT_NAME = "$(TARGET_NAME)";
				SWIFT_EMIT_LOC_STRINGS = YES;
				SWIFT_VERSION = 5.0;
			};
			name = Debug;
		};
		AA1111140000000000000001 /* Release */ = {
			isa = XCBuildConfiguration;
			buildSettings = {
				ASSETCATALOG_COMPILER_APPICON_NAME = AppIcon;
				CODE_SIGN_ENTITLEMENTS = "MacFileExplorer/Supporting Files/MacFileExplorer.entitlements";
				CODE_SIGN_STYLE = Automatic;
				COMBINE_HIDPI_IMAGES = YES;
				CURRENT_PROJECT_VERSION = 1;
				DEVELOPMENT_TEAM = "";
				ENABLE_HARDENED_RUNTIME = YES;
				GENERATE_INFOPLIST_FILE = NO;
				INFOPLIST_FILE = "MacFileExplorer/Supporting Files/Info.plist";
				INFOPLIST_KEY_NSHumanReadableCopyright = "";
				INFOPLIST_KEY_NSMainNibFile = MainMenu;
				INFOPLIST_KEY_NSPrincipalClass = NSApplication;
				LD_RUNPATH_SEARCH_PATHS = (
					"$(inherited)",
					"@executable_path/../Frameworks",
				);
				MARKETING_VERSION = 1.0;
				PRODUCT_BUNDLE_IDENTIFIER = com.macfileexplorer.app;
				PRODUCT_NAME = "$(TARGET_NAME)";
				SWIFT_EMIT_LOC_STRINGS = YES;
				SWIFT_VERSION = 5.0;
			};
			name = Release;
		};
/* End XCBuildConfiguration section */

/* Begin XCConfigurationList section */
		AA2222220000000000000001 /* Build configuration list for PBXProject "MacFileExplorer" */ = {
			isa = XCConfigurationList;
			buildConfigurations = (
				AA1111110000000000000001 /* Debug */,
				AA1111120000000000000001 /* Release */,
			);
			defaultConfigurationIsVisible = 0;
			defaultConfigurationName = Release;
		};
		AA6666660000000000000001 /* Build configuration list for PBXNativeTarget "MacFileExplorer" */ = {
			isa = XCConfigurationList;
			buildConfigurations = (
				AA1111130000000000000001 /* Debug */,
				AA1111140000000000000001 /* Release */,
			);
			defaultConfigurationIsVisible = 0;
			defaultConfigurationName = Release;
		};
/* End XCConfigurationList section */
	};
	rootObject = AA3333330000000000000001 /* Project object */;
}
